// !$*UTF8*$!
{
	archiveVersion = 1;
	classes = {
	};
	objectVersion = 50;
	objects = {

/* Begin PBXBuildFile section */
		180D495820B9DA070023101D /* CEReachabilityManager.m in Sources */ = {isa = PBXBuildFile; fileRef = 180D495720B9DA070023101D /* CEReachabilityManager.m */; };
		180E43DC211CC6A50091A20C /* no-thumbnail.jpg in Resources */ = {isa = PBXBuildFile; fileRef = 180E43DB211CC6A50091A20C /* no-thumbnail.jpg */; };
		180EACD8211F65DB005402FB /* default-thumb.jpg in Resources */ = {isa = PBXBuildFile; fileRef = 180EACD7211F65DB005402FB /* default-thumb.jpg */; };
		1811261920BDE52900ABA494 /* PSAPIManager+Checklist.swift in Sources */ = {isa = PBXBuildFile; fileRef = 1811261820BDE52900ABA494 /* PSAPIManager+Checklist.swift */; };
		1811261B20BDE60300ABA494 /* PSChecklistAPIManager.swift in Sources */ = {isa = PBXBuildFile; fileRef = 1811261A20BDE60300ABA494 /* PSChecklistAPIManager.swift */; };
		1812E68A20B8A32100E484C6 /* PSAPIManager+Authentication.swift in Sources */ = {isa = PBXBuildFile; fileRef = 1812E68820B8A32100E484C6 /* PSAPIManager+Authentication.swift */; };
		1812E68B20B8A32100E484C6 /* PSAuthenticationAPIManager.swift in Sources */ = {isa = PBXBuildFile; fileRef = 1812E68920B8A32100E484C6 /* PSAuthenticationAPIManager.swift */; };
		1812E68D20B8A37600E484C6 /* PSAPIManager.swift in Sources */ = {isa = PBXBuildFile; fileRef = 1812E68C20B8A37600E484C6 /* PSAPIManager.swift */; };
		1812E68F20B8A3EB00E484C6 /* PSAPIManagerBase.swift in Sources */ = {isa = PBXBuildFile; fileRef = 1812E68E20B8A3EB00E484C6 /* PSAPIManagerBase.swift */; };
		1812E69120B8A4C000E484C6 /* PSRouteUrls.swift in Sources */ = {isa = PBXBuildFile; fileRef = 1812E69020B8A4C000E484C6 /* PSRouteUrls.swift */; };
		1812E69420B8A4D800E484C6 /* PSUserInterfaceManager.swift in Sources */ = {isa = PBXBuildFile; fileRef = 1812E69220B8A4D800E484C6 /* PSUserInterfaceManager.swift */; };
		1812E69520B8A4D800E484C6 /* PSConstants.swift in Sources */ = {isa = PBXBuildFile; fileRef = 1812E69320B8A4D800E484C6 /* PSConstants.swift */; };
		1812E69720B8A4F800E484C6 /* PSDataManager.swift in Sources */ = {isa = PBXBuildFile; fileRef = 1812E69620B8A4F700E484C6 /* PSDataManager.swift */; };
		1812E69920B8A50C00E484C6 /* PSUser.swift in Sources */ = {isa = PBXBuildFile; fileRef = 1812E69820B8A50C00E484C6 /* PSUser.swift */; };
		18161A5720F10F5800C0C3BF /* PSFeedTableViewCell.swift in Sources */ = {isa = PBXBuildFile; fileRef = 18161A5620F10F5800C0C3BF /* PSFeedTableViewCell.swift */; };
		181FA62B20FB4BF600F9F674 /* 480x480.jpg in Resources */ = {isa = PBXBuildFile; fileRef = 181FA62A20FB4BF600F9F674 /* 480x480.jpg */; };
		182E5DD320DE38DC00E3A851 /* PSReport.swift in Sources */ = {isa = PBXBuildFile; fileRef = 182E5DD220DE38DC00E3A851 /* PSReport.swift */; };
		184EC78420DC078A0089348C /* PSNoConnectionViewController.swift in Sources */ = {isa = PBXBuildFile; fileRef = 184EC78320DC078A0089348C /* PSNoConnectionViewController.swift */; };
		184EC78620DC0FB70089348C /* User.storyboard in Resources */ = {isa = PBXBuildFile; fileRef = 184EC78520DC0FB70089348C /* User.storyboard */; };
		184EC78820DC1ED40089348C /* Admin.storyboard in Resources */ = {isa = PBXBuildFile; fileRef = 184EC78720DC1ED40089348C /* Admin.storyboard */; };
		18623B9E211E1319000994B2 /* PSFeedAttachmentViewController.swift in Sources */ = {isa = PBXBuildFile; fileRef = 18623B9D211E1319000994B2 /* PSFeedAttachmentViewController.swift */; };
		18AD08D220DF74020096A910 /* PSGetInfoViewController.swift in Sources */ = {isa = PBXBuildFile; fileRef = 18AD08D120DF74020096A910 /* PSGetInfoViewController.swift */; };
		18AD08D420DF74410096A910 /* PSAlertsAnnouncementsViewController.swift in Sources */ = {isa = PBXBuildFile; fileRef = 18AD08D320DF74410096A910 /* PSAlertsAnnouncementsViewController.swift */; };
		18AD08D620DF74B70096A910 /* PSPostedReportViewController.swift in Sources */ = {isa = PBXBuildFile; fileRef = 18AD08D520DF74B70096A910 /* PSPostedReportViewController.swift */; };
		18AD08D820DF855D0096A910 /* PSCloseReportViewController.swift in Sources */ = {isa = PBXBuildFile; fileRef = 18AD08D720DF855D0096A910 /* PSCloseReportViewController.swift */; };
		18AD08DA20DFB33E0096A910 /* PSShareReportTableViewCell.swift in Sources */ = {isa = PBXBuildFile; fileRef = 18AD08D920DFB33E0096A910 /* PSShareReportTableViewCell.swift */; };
		18BB7CDF20E00B7300E452AB /* PSEmergencyReportConfirmationViewController.swift in Sources */ = {isa = PBXBuildFile; fileRef = 18BB7CDE20E00B7300E452AB /* PSEmergencyReportConfirmationViewController.swift */; };
		18C40C0D20E02A7600F5B380 /* IQDropDownTextField.m in Sources */ = {isa = PBXBuildFile; fileRef = 18C40C0C20E02A7600F5B380 /* IQDropDownTextField.m */; };
		18C40C0F20E02BAC00F5B380 /* PSFilterReportsViewController.swift in Sources */ = {isa = PBXBuildFile; fileRef = 18C40C0E20E02BAC00F5B380 /* PSFilterReportsViewController.swift */; };
		18C8FC2820E16291000E15CE /* PSSettingsViewController.swift in Sources */ = {isa = PBXBuildFile; fileRef = 18C8FC2720E16291000E15CE /* PSSettingsViewController.swift */; };
		18EFDA8B20FE57E8009F0B9F /* PSCategoryTableViewCell.swift in Sources */ = {isa = PBXBuildFile; fileRef = 18EFDA8A20FE57E8009F0B9F /* PSCategoryTableViewCell.swift */; };
		18FDED3A20B04F2A009CBA0B /* SwiftyCamViewController.swift in Sources */ = {isa = PBXBuildFile; fileRef = 18FDED3620B04F2A009CBA0B /* SwiftyCamViewController.swift */; };
		18FDED3B20B04F2A009CBA0B /* SwiftyCamButton.swift in Sources */ = {isa = PBXBuildFile; fileRef = 18FDED3720B04F2A009CBA0B /* SwiftyCamButton.swift */; };
		18FDED3C20B04F2A009CBA0B /* PreviewView.swift in Sources */ = {isa = PBXBuildFile; fileRef = 18FDED3820B04F2A009CBA0B /* PreviewView.swift */; };
		18FDED3D20B04F2A009CBA0B /* SwiftyCamViewControllerDelegate.swift in Sources */ = {isa = PBXBuildFile; fileRef = 18FDED3920B04F2A009CBA0B /* SwiftyCamViewControllerDelegate.swift */; };
		18FDED4120B04F82009CBA0B /* VideoViewController.swift in Sources */ = {isa = PBXBuildFile; fileRef = 18FDED3F20B04F82009CBA0B /* VideoViewController.swift */; };
		18FDED4220B04F82009CBA0B /* PhotoViewController.swift in Sources */ = {isa = PBXBuildFile; fileRef = 18FDED4020B04F82009CBA0B /* PhotoViewController.swift */; };
		18FDED4420B05077009CBA0B /* SwiftyRecordButton.swift in Sources */ = {isa = PBXBuildFile; fileRef = 18FDED4320B05077009CBA0B /* SwiftyRecordButton.swift */; };
		2C5F40C35FA6E8D5F17D9D1A /* Pods_PostSafety.framework in Frameworks */ = {isa = PBXBuildFile; fileRef = 462E62552B0A0080C9267F99 /* Pods_PostSafety.framework */; };
		A10749A820EF48F7003A6B35 /* PSAPIManager+Report.swift in Sources */ = {isa = PBXBuildFile; fileRef = A10749A720EF48F7003A6B35 /* PSAPIManager+Report.swift */; };
		A10749AB20EF4937003A6B35 /* PSReportAPIManager.swift in Sources */ = {isa = PBXBuildFile; fileRef = A10749AA20EF4937003A6B35 /* PSReportAPIManager.swift */; };
		A118F3A52141198000F4BB74 /* PSLocation.swift in Sources */ = {isa = PBXBuildFile; fileRef = A118F3A42141198000F4BB74 /* PSLocation.swift */; };
		A118F3AB214169A200F4BB74 /* PSPost.swift in Sources */ = {isa = PBXBuildFile; fileRef = A118F3AA214169A200F4BB74 /* PSPost.swift */; };
		A11DF68C20D8F0250079D861 /* Dashboard.storyboard in Resources */ = {isa = PBXBuildFile; fileRef = A11DF68B20D8F0250079D861 /* Dashboard.storyboard */; };
		A11DF69020D8F0860079D861 /* SWRevealViewController.m in Sources */ = {isa = PBXBuildFile; fileRef = A11DF68F20D8F0860079D861 /* SWRevealViewController.m */; };
		A11DF69220D8F0FF0079D861 /* MenuViewController.swift in Sources */ = {isa = PBXBuildFile; fileRef = A11DF69120D8F0FF0079D861 /* MenuViewController.swift */; };
		A11DF69520D8F1BF0079D861 /* MenuBottomCell.swift in Sources */ = {isa = PBXBuildFile; fileRef = A11DF69320D8F1BE0079D861 /* MenuBottomCell.swift */; };
		A11DF69620D8F1BF0079D861 /* MenuTopCell.swift in Sources */ = {isa = PBXBuildFile; fileRef = A11DF69420D8F1BF0079D861 /* MenuTopCell.swift */; };
		A124938620C128C700B38DEF /* PSChecklist.swift in Sources */ = {isa = PBXBuildFile; fileRef = A124938520C128C700B38DEF /* PSChecklist.swift */; };
		A14F7DCE213E650F00F8D918 /* GoogleService-Info.plist in Resources */ = {isa = PBXBuildFile; fileRef = A14F7DCD213E650F00F8D918 /* GoogleService-Info.plist */; };
		A15BECE520AEEB560081BC25 /* CameraOverLay.xib in Resources */ = {isa = PBXBuildFile; fileRef = A15BECE420AEEB550081BC25 /* CameraOverLay.xib */; };
		A16142CE20AC108E00421414 /* PSLogInViewController.swift in Sources */ = {isa = PBXBuildFile; fileRef = A16142CD20AC108E00421414 /* PSLogInViewController.swift */; };
		A16142D020AC10C400421414 /* PSCreatePasswordViewController.swift in Sources */ = {isa = PBXBuildFile; fileRef = A16142CF20AC10C400421414 /* PSCreatePasswordViewController.swift */; };
		A16142D420AC10FC00421414 /* PSTermsOfUseViewController.swift in Sources */ = {isa = PBXBuildFile; fileRef = A16142D320AC10FC00421414 /* PSTermsOfUseViewController.swift */; };
		A16142D620AC110A00421414 /* PSDashboardViewController.swift in Sources */ = {isa = PBXBuildFile; fileRef = A16142D520AC110A00421414 /* PSDashboardViewController.swift */; };
		A16142D820AC11BD00421414 /* PSUserFeedViewController.swift in Sources */ = {isa = PBXBuildFile; fileRef = A16142D720AC11BD00421414 /* PSUserFeedViewController.swift */; };
		A16142DA20AC11CD00421414 /* PSUserFeedDetailViewController.swift in Sources */ = {isa = PBXBuildFile; fileRef = A16142D920AC11CD00421414 /* PSUserFeedDetailViewController.swift */; };
		A16142DC20AC11E600421414 /* PSSelectReportTypeViewController.swift in Sources */ = {isa = PBXBuildFile; fileRef = A16142DB20AC11E600421414 /* PSSelectReportTypeViewController.swift */; };
		A16142DE20AC121400421414 /* TakePhotoVideoViewController.swift in Sources */ = {isa = PBXBuildFile; fileRef = A16142DD20AC121400421414 /* TakePhotoVideoViewController.swift */; };
		A16142E020AC122700421414 /* PSSelectLocationViewController.swift in Sources */ = {isa = PBXBuildFile; fileRef = A16142DF20AC122700421414 /* PSSelectLocationViewController.swift */; };
		A16142E220AC219B00421414 /* PSReportConfirmationViewController.swift in Sources */ = {isa = PBXBuildFile; fileRef = A16142E120AC219B00421414 /* PSReportConfirmationViewController.swift */; };
		A1654240212AFA1000B1CB7D /* PSTrainingViewController.swift in Sources */ = {isa = PBXBuildFile; fileRef = A165423F212AFA1000B1CB7D /* PSTrainingViewController.swift */; };
		A1654242212AFBFA00B1CB7D /* PSDefinitionViewController.swift in Sources */ = {isa = PBXBuildFile; fileRef = A1654241212AFBFA00B1CB7D /* PSDefinitionViewController.swift */; };
		A1F156A520AABFF50049DB21 /* AppDelegate.swift in Sources */ = {isa = PBXBuildFile; fileRef = A1F156A420AABFF50049DB21 /* AppDelegate.swift */; };
		A1F156AC20AABFF60049DB21 /* Assets.xcassets in Resources */ = {isa = PBXBuildFile; fileRef = A1F156AB20AABFF60049DB21 /* Assets.xcassets */; };
		A1F156AF20AABFF60049DB21 /* LaunchScreen.storyboard in Resources */ = {isa = PBXBuildFile; fileRef = A1F156AD20AABFF60049DB21 /* LaunchScreen.storyboard */; };
		A1F156BA20AABFF60049DB21 /* PostSafetyTests.swift in Sources */ = {isa = PBXBuildFile; fileRef = A1F156B920AABFF60049DB21 /* PostSafetyTests.swift */; };
		A1F156C520AABFF60049DB21 /* PostSafetyUITests.swift in Sources */ = {isa = PBXBuildFile; fileRef = A1F156C420AABFF60049DB21 /* PostSafetyUITests.swift */; };
		A1FF177120DBC3C700F06EAC /* PSPotentiallySeriousIncidentViewController.swift in Sources */ = {isa = PBXBuildFile; fileRef = A1FF177020DBC3C700F06EAC /* PSPotentiallySeriousIncidentViewController.swift */; };
		A1FF177320DBC62300F06EAC /* PSSelectSubCategoryViewController.swift in Sources */ = {isa = PBXBuildFile; fileRef = A1FF177220DBC62300F06EAC /* PSSelectSubCategoryViewController.swift */; };
		A1FF177520DBCCFF00F06EAC /* PSEmergencyInstructionsViewController.swift in Sources */ = {isa = PBXBuildFile; fileRef = A1FF177420DBCCFF00F06EAC /* PSEmergencyInstructionsViewController.swift */; };
		C409873B20DED26400081069 /* PSShareReportViewController.swift in Sources */ = {isa = PBXBuildFile; fileRef = C409873A20DED26400081069 /* PSShareReportViewController.swift */; };
		C409873D20DED27D00081069 /* PSSendAlertViewController.swift in Sources */ = {isa = PBXBuildFile; fileRef = C409873C20DED27D00081069 /* PSSendAlertViewController.swift */; };
		C409873F20DED2E200081069 /* PSReportActionsViewController.swift in Sources */ = {isa = PBXBuildFile; fileRef = C409873E20DED2E200081069 /* PSReportActionsViewController.swift */; };
		C409874120DED30900081069 /* PSSummaryStatsFeedViewController.swift in Sources */ = {isa = PBXBuildFile; fileRef = C409874020DED30900081069 /* PSSummaryStatsFeedViewController.swift */; };
		C409874320DED34700081069 /* PSSummaryStatsReportTypeViewController.swift in Sources */ = {isa = PBXBuildFile; fileRef = C409874220DED34700081069 /* PSSummaryStatsReportTypeViewController.swift */; };
		C409874520DED38800081069 /* PSSummaryStatsViewController.swift in Sources */ = {isa = PBXBuildFile; fileRef = C409874420DED38800081069 /* PSSummaryStatsViewController.swift */; };
		C4B0775E20C4090E00CCD778 /* Authentication.storyboard in Resources */ = {isa = PBXBuildFile; fileRef = C4B0775C20C4090E00CCD778 /* Authentication.storyboard */; };
		C4E5A56220AE55960060898B /* PSSelectCategoryViewController.swift in Sources */ = {isa = PBXBuildFile; fileRef = C4E5A56120AE55950060898B /* PSSelectCategoryViewController.swift */; };
		C4E5A56420AE55E90060898B /* PSPostedReportOverviewViewController.swift in Sources */ = {isa = PBXBuildFile; fileRef = C4E5A56320AE55E90060898B /* PSPostedReportOverviewViewController.swift */; };
		C4E5A56620AE56050060898B /* PSReportSummaryViewController.swift in Sources */ = {isa = PBXBuildFile; fileRef = C4E5A56520AE56050060898B /* PSReportSummaryViewController.swift */; };
		C4E5A56820AE56200060898B /* PSPostedReportDetailViewController.swift in Sources */ = {isa = PBXBuildFile; fileRef = C4E5A56720AE56200060898B /* PSPostedReportDetailViewController.swift */; };
/* End PBXBuildFile section */

/* Begin PBXContainerItemProxy section */
		A1F156B620AABFF60049DB21 /* PBXContainerItemProxy */ = {
			isa = PBXContainerItemProxy;
			containerPortal = A1F1569920AABFF50049DB21 /* Project object */;
			proxyType = 1;
			remoteGlobalIDString = A1F156A020AABFF50049DB21;
			remoteInfo = PostSafety;
		};
		A1F156C120AABFF60049DB21 /* PBXContainerItemProxy */ = {
			isa = PBXContainerItemProxy;
			containerPortal = A1F1569920AABFF50049DB21 /* Project object */;
			proxyType = 1;
			remoteGlobalIDString = A1F156A020AABFF50049DB21;
			remoteInfo = PostSafety;
		};
/* End PBXContainerItemProxy section */

/* Begin PBXFileReference section */
		180D495520B9DA060023101D /* PostSafety-Bridging-Header.h */ = {isa = PBXFileReference; lastKnownFileType = sourcecode.c.h; path = "PostSafety-Bridging-Header.h"; sourceTree = "<group>"; };
		180D495620B9DA070023101D /* CEReachabilityManager.h */ = {isa = PBXFileReference; fileEncoding = 4; lastKnownFileType = sourcecode.c.h; path = CEReachabilityManager.h; sourceTree = "<group>"; };
		180D495720B9DA070023101D /* CEReachabilityManager.m */ = {isa = PBXFileReference; fileEncoding = 4; lastKnownFileType = sourcecode.c.objc; path = CEReachabilityManager.m; sourceTree = "<group>"; };
		180E43DB211CC6A50091A20C /* no-thumbnail.jpg */ = {isa = PBXFileReference; lastKnownFileType = image.jpeg; path = "no-thumbnail.jpg"; sourceTree = "<group>"; };
		180EACD7211F65DB005402FB /* default-thumb.jpg */ = {isa = PBXFileReference; lastKnownFileType = image.jpeg; path = "default-thumb.jpg"; sourceTree = "<group>"; };
		1811261820BDE52900ABA494 /* PSAPIManager+Checklist.swift */ = {isa = PBXFileReference; lastKnownFileType = sourcecode.swift; path = "PSAPIManager+Checklist.swift"; sourceTree = "<group>"; };
		1811261A20BDE60300ABA494 /* PSChecklistAPIManager.swift */ = {isa = PBXFileReference; lastKnownFileType = sourcecode.swift; path = PSChecklistAPIManager.swift; sourceTree = "<group>"; };
		1812E68820B8A32100E484C6 /* PSAPIManager+Authentication.swift */ = {isa = PBXFileReference; fileEncoding = 4; lastKnownFileType = sourcecode.swift; path = "PSAPIManager+Authentication.swift"; sourceTree = "<group>"; };
		1812E68920B8A32100E484C6 /* PSAuthenticationAPIManager.swift */ = {isa = PBXFileReference; fileEncoding = 4; lastKnownFileType = sourcecode.swift; path = PSAuthenticationAPIManager.swift; sourceTree = "<group>"; };
		1812E68C20B8A37600E484C6 /* PSAPIManager.swift */ = {isa = PBXFileReference; fileEncoding = 4; lastKnownFileType = sourcecode.swift; path = PSAPIManager.swift; sourceTree = "<group>"; };
		1812E68E20B8A3EB00E484C6 /* PSAPIManagerBase.swift */ = {isa = PBXFileReference; fileEncoding = 4; lastKnownFileType = sourcecode.swift; path = PSAPIManagerBase.swift; sourceTree = "<group>"; };
		1812E69020B8A4C000E484C6 /* PSRouteUrls.swift */ = {isa = PBXFileReference; fileEncoding = 4; lastKnownFileType = sourcecode.swift; path = PSRouteUrls.swift; sourceTree = "<group>"; };
		1812E69220B8A4D800E484C6 /* PSUserInterfaceManager.swift */ = {isa = PBXFileReference; fileEncoding = 4; lastKnownFileType = sourcecode.swift; path = PSUserInterfaceManager.swift; sourceTree = "<group>"; };
		1812E69320B8A4D800E484C6 /* PSConstants.swift */ = {isa = PBXFileReference; fileEncoding = 4; lastKnownFileType = sourcecode.swift; path = PSConstants.swift; sourceTree = "<group>"; };
		1812E69620B8A4F700E484C6 /* PSDataManager.swift */ = {isa = PBXFileReference; fileEncoding = 4; lastKnownFileType = sourcecode.swift; path = PSDataManager.swift; sourceTree = "<group>"; };
		1812E69820B8A50C00E484C6 /* PSUser.swift */ = {isa = PBXFileReference; fileEncoding = 4; lastKnownFileType = sourcecode.swift; path = PSUser.swift; sourceTree = "<group>"; };
		18161A5620F10F5800C0C3BF /* PSFeedTableViewCell.swift */ = {isa = PBXFileReference; lastKnownFileType = sourcecode.swift; path = PSFeedTableViewCell.swift; sourceTree = "<group>"; };
		181FA62A20FB4BF600F9F674 /* 480x480.jpg */ = {isa = PBXFileReference; lastKnownFileType = image.jpeg; name = 480x480.jpg; path = Assets.xcassets/launch.imageset/480x480.jpg; sourceTree = "<group>"; };
		182E5DD220DE38DC00E3A851 /* PSReport.swift */ = {isa = PBXFileReference; lastKnownFileType = sourcecode.swift; path = PSReport.swift; sourceTree = "<group>"; };
		184EC78320DC078A0089348C /* PSNoConnectionViewController.swift */ = {isa = PBXFileReference; lastKnownFileType = sourcecode.swift; path = PSNoConnectionViewController.swift; sourceTree = "<group>"; };
		184EC78520DC0FB70089348C /* User.storyboard */ = {isa = PBXFileReference; lastKnownFileType = file.storyboard; path = User.storyboard; sourceTree = "<group>"; };
		184EC78720DC1ED40089348C /* Admin.storyboard */ = {isa = PBXFileReference; lastKnownFileType = file.storyboard; path = Admin.storyboard; sourceTree = "<group>"; };
		18623B9D211E1319000994B2 /* PSFeedAttachmentViewController.swift */ = {isa = PBXFileReference; lastKnownFileType = sourcecode.swift; path = PSFeedAttachmentViewController.swift; sourceTree = "<group>"; };
		18AD08D120DF74020096A910 /* PSGetInfoViewController.swift */ = {isa = PBXFileReference; lastKnownFileType = sourcecode.swift; path = PSGetInfoViewController.swift; sourceTree = "<group>"; };
		18AD08D320DF74410096A910 /* PSAlertsAnnouncementsViewController.swift */ = {isa = PBXFileReference; lastKnownFileType = sourcecode.swift; path = PSAlertsAnnouncementsViewController.swift; sourceTree = "<group>"; };
		18AD08D520DF74B70096A910 /* PSPostedReportViewController.swift */ = {isa = PBXFileReference; lastKnownFileType = sourcecode.swift; path = PSPostedReportViewController.swift; sourceTree = "<group>"; };
		18AD08D720DF855D0096A910 /* PSCloseReportViewController.swift */ = {isa = PBXFileReference; lastKnownFileType = sourcecode.swift; path = PSCloseReportViewController.swift; sourceTree = "<group>"; };
		18AD08D920DFB33E0096A910 /* PSShareReportTableViewCell.swift */ = {isa = PBXFileReference; lastKnownFileType = sourcecode.swift; path = PSShareReportTableViewCell.swift; sourceTree = "<group>"; };
		18BB7CDE20E00B7300E452AB /* PSEmergencyReportConfirmationViewController.swift */ = {isa = PBXFileReference; lastKnownFileType = sourcecode.swift; path = PSEmergencyReportConfirmationViewController.swift; sourceTree = "<group>"; };
		18C40C0B20E02A7600F5B380 /* IQDropDownTextField.h */ = {isa = PBXFileReference; fileEncoding = 4; lastKnownFileType = sourcecode.c.h; path = IQDropDownTextField.h; sourceTree = "<group>"; };
		18C40C0C20E02A7600F5B380 /* IQDropDownTextField.m */ = {isa = PBXFileReference; fileEncoding = 4; lastKnownFileType = sourcecode.c.objc; path = IQDropDownTextField.m; sourceTree = "<group>"; };
		18C40C0E20E02BAC00F5B380 /* PSFilterReportsViewController.swift */ = {isa = PBXFileReference; lastKnownFileType = sourcecode.swift; path = PSFilterReportsViewController.swift; sourceTree = "<group>"; };
		18C8FC2720E16291000E15CE /* PSSettingsViewController.swift */ = {isa = PBXFileReference; lastKnownFileType = sourcecode.swift; path = PSSettingsViewController.swift; sourceTree = "<group>"; };
		18EFDA8A20FE57E8009F0B9F /* PSCategoryTableViewCell.swift */ = {isa = PBXFileReference; lastKnownFileType = sourcecode.swift; path = PSCategoryTableViewCell.swift; sourceTree = "<group>"; };
		18FDED3620B04F2A009CBA0B /* SwiftyCamViewController.swift */ = {isa = PBXFileReference; fileEncoding = 4; lastKnownFileType = sourcecode.swift; path = SwiftyCamViewController.swift; sourceTree = "<group>"; };
		18FDED3720B04F2A009CBA0B /* SwiftyCamButton.swift */ = {isa = PBXFileReference; fileEncoding = 4; lastKnownFileType = sourcecode.swift; path = SwiftyCamButton.swift; sourceTree = "<group>"; };
		18FDED3820B04F2A009CBA0B /* PreviewView.swift */ = {isa = PBXFileReference; fileEncoding = 4; lastKnownFileType = sourcecode.swift; path = PreviewView.swift; sourceTree = "<group>"; };
		18FDED3920B04F2A009CBA0B /* SwiftyCamViewControllerDelegate.swift */ = {isa = PBXFileReference; fileEncoding = 4; lastKnownFileType = sourcecode.swift; path = SwiftyCamViewControllerDelegate.swift; sourceTree = "<group>"; };
		18FDED3F20B04F82009CBA0B /* VideoViewController.swift */ = {isa = PBXFileReference; fileEncoding = 4; lastKnownFileType = sourcecode.swift; path = VideoViewController.swift; sourceTree = "<group>"; };
		18FDED4020B04F82009CBA0B /* PhotoViewController.swift */ = {isa = PBXFileReference; fileEncoding = 4; lastKnownFileType = sourcecode.swift; path = PhotoViewController.swift; sourceTree = "<group>"; };
		18FDED4320B05077009CBA0B /* SwiftyRecordButton.swift */ = {isa = PBXFileReference; fileEncoding = 4; lastKnownFileType = sourcecode.swift; path = SwiftyRecordButton.swift; sourceTree = "<group>"; };
		1A842FAE2CD79A6058C5732A /* Pods-PostSafety.debug.xcconfig */ = {isa = PBXFileReference; includeInIndex = 1; lastKnownFileType = text.xcconfig; name = "Pods-PostSafety.debug.xcconfig"; path = "Pods/Target Support Files/Pods-PostSafety/Pods-PostSafety.debug.xcconfig"; sourceTree = "<group>"; };
		462E62552B0A0080C9267F99 /* Pods_PostSafety.framework */ = {isa = PBXFileReference; explicitFileType = wrapper.framework; includeInIndex = 0; path = Pods_PostSafety.framework; sourceTree = BUILT_PRODUCTS_DIR; };
		4A6654D11319022298AEDDCE /* Pods-PostSafety.release.xcconfig */ = {isa = PBXFileReference; includeInIndex = 1; lastKnownFileType = text.xcconfig; name = "Pods-PostSafety.release.xcconfig"; path = "Pods/Target Support Files/Pods-PostSafety/Pods-PostSafety.release.xcconfig"; sourceTree = "<group>"; };
		A10749A720EF48F7003A6B35 /* PSAPIManager+Report.swift */ = {isa = PBXFileReference; lastKnownFileType = sourcecode.swift; path = "PSAPIManager+Report.swift"; sourceTree = "<group>"; };
		A10749AA20EF4937003A6B35 /* PSReportAPIManager.swift */ = {isa = PBXFileReference; lastKnownFileType = sourcecode.swift; path = PSReportAPIManager.swift; sourceTree = "<group>"; };
		A118F3A42141198000F4BB74 /* PSLocation.swift */ = {isa = PBXFileReference; lastKnownFileType = sourcecode.swift; path = PSLocation.swift; sourceTree = "<group>"; };
		A118F3AA214169A200F4BB74 /* PSPost.swift */ = {isa = PBXFileReference; lastKnownFileType = sourcecode.swift; path = PSPost.swift; sourceTree = "<group>"; };
		A11DF68B20D8F0250079D861 /* Dashboard.storyboard */ = {isa = PBXFileReference; fileEncoding = 4; lastKnownFileType = file.storyboard; path = Dashboard.storyboard; sourceTree = "<group>"; };
		A11DF68E20D8F0860079D861 /* SWRevealViewController.h */ = {isa = PBXFileReference; fileEncoding = 4; lastKnownFileType = sourcecode.c.h; path = SWRevealViewController.h; sourceTree = "<group>"; };
		A11DF68F20D8F0860079D861 /* SWRevealViewController.m */ = {isa = PBXFileReference; fileEncoding = 4; lastKnownFileType = sourcecode.c.objc; path = SWRevealViewController.m; sourceTree = "<group>"; };
		A11DF69120D8F0FF0079D861 /* MenuViewController.swift */ = {isa = PBXFileReference; fileEncoding = 4; lastKnownFileType = sourcecode.swift; path = MenuViewController.swift; sourceTree = "<group>"; };
		A11DF69320D8F1BE0079D861 /* MenuBottomCell.swift */ = {isa = PBXFileReference; fileEncoding = 4; lastKnownFileType = sourcecode.swift; path = MenuBottomCell.swift; sourceTree = "<group>"; };
		A11DF69420D8F1BF0079D861 /* MenuTopCell.swift */ = {isa = PBXFileReference; fileEncoding = 4; lastKnownFileType = sourcecode.swift; path = MenuTopCell.swift; sourceTree = "<group>"; };
		A124938520C128C700B38DEF /* PSChecklist.swift */ = {isa = PBXFileReference; lastKnownFileType = sourcecode.swift; path = PSChecklist.swift; sourceTree = "<group>"; };
		A14F7DCD213E650F00F8D918 /* GoogleService-Info.plist */ = {isa = PBXFileReference; fileEncoding = 4; lastKnownFileType = text.plist.xml; path = "GoogleService-Info.plist"; sourceTree = "<group>"; };
		A14F7DCF213E69F800F8D918 /* PostSafety.entitlements */ = {isa = PBXFileReference; lastKnownFileType = text.plist.entitlements; path = PostSafety.entitlements; sourceTree = "<group>"; };
		A15BECE420AEEB550081BC25 /* CameraOverLay.xib */ = {isa = PBXFileReference; fileEncoding = 4; lastKnownFileType = file.xib; path = CameraOverLay.xib; sourceTree = "<group>"; };
		A16142CD20AC108E00421414 /* PSLogInViewController.swift */ = {isa = PBXFileReference; lastKnownFileType = sourcecode.swift; path = PSLogInViewController.swift; sourceTree = "<group>"; };
		A16142CF20AC10C400421414 /* PSCreatePasswordViewController.swift */ = {isa = PBXFileReference; lastKnownFileType = sourcecode.swift; path = PSCreatePasswordViewController.swift; sourceTree = "<group>"; };
		A16142D320AC10FC00421414 /* PSTermsOfUseViewController.swift */ = {isa = PBXFileReference; lastKnownFileType = sourcecode.swift; path = PSTermsOfUseViewController.swift; sourceTree = "<group>"; };
		A16142D520AC110A00421414 /* PSDashboardViewController.swift */ = {isa = PBXFileReference; lastKnownFileType = sourcecode.swift; path = PSDashboardViewController.swift; sourceTree = "<group>"; };
		A16142D720AC11BD00421414 /* PSUserFeedViewController.swift */ = {isa = PBXFileReference; lastKnownFileType = sourcecode.swift; path = PSUserFeedViewController.swift; sourceTree = "<group>"; };
		A16142D920AC11CD00421414 /* PSUserFeedDetailViewController.swift */ = {isa = PBXFileReference; lastKnownFileType = sourcecode.swift; path = PSUserFeedDetailViewController.swift; sourceTree = "<group>"; };
		A16142DB20AC11E600421414 /* PSSelectReportTypeViewController.swift */ = {isa = PBXFileReference; lastKnownFileType = sourcecode.swift; path = PSSelectReportTypeViewController.swift; sourceTree = "<group>"; };
		A16142DD20AC121400421414 /* TakePhotoVideoViewController.swift */ = {isa = PBXFileReference; lastKnownFileType = sourcecode.swift; path = TakePhotoVideoViewController.swift; sourceTree = "<group>"; };
		A16142DF20AC122700421414 /* PSSelectLocationViewController.swift */ = {isa = PBXFileReference; lastKnownFileType = sourcecode.swift; path = PSSelectLocationViewController.swift; sourceTree = "<group>"; };
		A16142E120AC219B00421414 /* PSReportConfirmationViewController.swift */ = {isa = PBXFileReference; lastKnownFileType = sourcecode.swift; path = PSReportConfirmationViewController.swift; sourceTree = "<group>"; };
		A165423F212AFA1000B1CB7D /* PSTrainingViewController.swift */ = {isa = PBXFileReference; lastKnownFileType = sourcecode.swift; path = PSTrainingViewController.swift; sourceTree = "<group>"; };
		A1654241212AFBFA00B1CB7D /* PSDefinitionViewController.swift */ = {isa = PBXFileReference; lastKnownFileType = sourcecode.swift; path = PSDefinitionViewController.swift; sourceTree = "<group>"; };
		A1F156A120AABFF50049DB21 /* PostSafety.app */ = {isa = PBXFileReference; explicitFileType = wrapper.application; includeInIndex = 0; path = PostSafety.app; sourceTree = BUILT_PRODUCTS_DIR; };
		A1F156A420AABFF50049DB21 /* AppDelegate.swift */ = {isa = PBXFileReference; lastKnownFileType = sourcecode.swift; path = AppDelegate.swift; sourceTree = "<group>"; };
		A1F156AB20AABFF60049DB21 /* Assets.xcassets */ = {isa = PBXFileReference; lastKnownFileType = folder.assetcatalog; path = Assets.xcassets; sourceTree = "<group>"; };
		A1F156AE20AABFF60049DB21 /* Base */ = {isa = PBXFileReference; lastKnownFileType = file.storyboard; name = Base; path = Base.lproj/LaunchScreen.storyboard; sourceTree = "<group>"; };
		A1F156B020AABFF60049DB21 /* Info.plist */ = {isa = PBXFileReference; lastKnownFileType = text.plist.xml; path = Info.plist; sourceTree = "<group>"; };
		A1F156B520AABFF60049DB21 /* PostSafetyTests.xctest */ = {isa = PBXFileReference; explicitFileType = wrapper.cfbundle; includeInIndex = 0; path = PostSafetyTests.xctest; sourceTree = BUILT_PRODUCTS_DIR; };
		A1F156B920AABFF60049DB21 /* PostSafetyTests.swift */ = {isa = PBXFileReference; lastKnownFileType = sourcecode.swift; path = PostSafetyTests.swift; sourceTree = "<group>"; };
		A1F156BB20AABFF60049DB21 /* Info.plist */ = {isa = PBXFileReference; lastKnownFileType = text.plist.xml; path = Info.plist; sourceTree = "<group>"; };
		A1F156C020AABFF60049DB21 /* PostSafetyUITests.xctest */ = {isa = PBXFileReference; explicitFileType = wrapper.cfbundle; includeInIndex = 0; path = PostSafetyUITests.xctest; sourceTree = BUILT_PRODUCTS_DIR; };
		A1F156C420AABFF60049DB21 /* PostSafetyUITests.swift */ = {isa = PBXFileReference; lastKnownFileType = sourcecode.swift; path = PostSafetyUITests.swift; sourceTree = "<group>"; };
		A1F156C620AABFF60049DB21 /* Info.plist */ = {isa = PBXFileReference; lastKnownFileType = text.plist.xml; path = Info.plist; sourceTree = "<group>"; };
		A1FF177020DBC3C700F06EAC /* PSPotentiallySeriousIncidentViewController.swift */ = {isa = PBXFileReference; lastKnownFileType = sourcecode.swift; path = PSPotentiallySeriousIncidentViewController.swift; sourceTree = "<group>"; };
		A1FF177220DBC62300F06EAC /* PSSelectSubCategoryViewController.swift */ = {isa = PBXFileReference; lastKnownFileType = sourcecode.swift; path = PSSelectSubCategoryViewController.swift; sourceTree = "<group>"; };
		A1FF177420DBCCFF00F06EAC /* PSEmergencyInstructionsViewController.swift */ = {isa = PBXFileReference; lastKnownFileType = sourcecode.swift; path = PSEmergencyInstructionsViewController.swift; sourceTree = "<group>"; };
		C409873A20DED26400081069 /* PSShareReportViewController.swift */ = {isa = PBXFileReference; lastKnownFileType = sourcecode.swift; path = PSShareReportViewController.swift; sourceTree = "<group>"; };
		C409873C20DED27D00081069 /* PSSendAlertViewController.swift */ = {isa = PBXFileReference; lastKnownFileType = sourcecode.swift; path = PSSendAlertViewController.swift; sourceTree = "<group>"; };
		C409873E20DED2E200081069 /* PSReportActionsViewController.swift */ = {isa = PBXFileReference; lastKnownFileType = sourcecode.swift; path = PSReportActionsViewController.swift; sourceTree = "<group>"; };
		C409874020DED30900081069 /* PSSummaryStatsFeedViewController.swift */ = {isa = PBXFileReference; lastKnownFileType = sourcecode.swift; path = PSSummaryStatsFeedViewController.swift; sourceTree = "<group>"; };
		C409874220DED34700081069 /* PSSummaryStatsReportTypeViewController.swift */ = {isa = PBXFileReference; lastKnownFileType = sourcecode.swift; path = PSSummaryStatsReportTypeViewController.swift; sourceTree = "<group>"; };
		C409874420DED38800081069 /* PSSummaryStatsViewController.swift */ = {isa = PBXFileReference; lastKnownFileType = sourcecode.swift; path = PSSummaryStatsViewController.swift; sourceTree = "<group>"; };
		C4B0775D20C4090E00CCD778 /* Base */ = {isa = PBXFileReference; lastKnownFileType = file.storyboard; name = Base; path = Base.lproj/Authentication.storyboard; sourceTree = "<group>"; };
		C4E5A56120AE55950060898B /* PSSelectCategoryViewController.swift */ = {isa = PBXFileReference; lastKnownFileType = sourcecode.swift; path = PSSelectCategoryViewController.swift; sourceTree = "<group>"; };
		C4E5A56320AE55E90060898B /* PSPostedReportOverviewViewController.swift */ = {isa = PBXFileReference; lastKnownFileType = sourcecode.swift; path = PSPostedReportOverviewViewController.swift; sourceTree = "<group>"; };
		C4E5A56520AE56050060898B /* PSReportSummaryViewController.swift */ = {isa = PBXFileReference; lastKnownFileType = sourcecode.swift; path = PSReportSummaryViewController.swift; sourceTree = "<group>"; };
		C4E5A56720AE56200060898B /* PSPostedReportDetailViewController.swift */ = {isa = PBXFileReference; lastKnownFileType = sourcecode.swift; path = PSPostedReportDetailViewController.swift; sourceTree = "<group>"; };
/* End PBXFileReference section */

/* Begin PBXFrameworksBuildPhase section */
		A1F1569E20AABFF50049DB21 /* Frameworks */ = {
			isa = PBXFrameworksBuildPhase;
			buildActionMask = 2147483647;
			files = (
				2C5F40C35FA6E8D5F17D9D1A /* Pods_PostSafety.framework in Frameworks */,
			);
			runOnlyForDeploymentPostprocessing = 0;
		};
		A1F156B220AABFF60049DB21 /* Frameworks */ = {
			isa = PBXFrameworksBuildPhase;
			buildActionMask = 2147483647;
			files = (
			);
			runOnlyForDeploymentPostprocessing = 0;
		};
		A1F156BD20AABFF60049DB21 /* Frameworks */ = {
			isa = PBXFrameworksBuildPhase;
			buildActionMask = 2147483647;
			files = (
			);
			runOnlyForDeploymentPostprocessing = 0;
		};
/* End PBXFrameworksBuildPhase section */

/* Begin PBXGroup section */
		1809905920BAC6C5003C4B94 /* Constants */ = {
			isa = PBXGroup;
			children = (
				1812E69320B8A4D800E484C6 /* PSConstants.swift */,
			);
			path = Constants;
			sourceTree = "<group>";
		};
		1809905A20BAC6E3003C4B94 /* Managers */ = {
			isa = PBXGroup;
			children = (
				1812E69220B8A4D800E484C6 /* PSUserInterfaceManager.swift */,
				1812E69620B8A4F700E484C6 /* PSDataManager.swift */,
				1812E69A20B8B8D000E484C6 /* APIManager */,
			);
			path = Managers;
			sourceTree = "<group>";
		};
		180D495920B9EAAB0023101D /* Reachibility */ = {
			isa = PBXGroup;
			children = (
				180D495620B9DA070023101D /* CEReachabilityManager.h */,
				180D495720B9DA070023101D /* CEReachabilityManager.m */,
			);
			path = Reachibility;
			sourceTree = "<group>";
		};
		180F040520B943FF00AC17E5 /* Models */ = {
			isa = PBXGroup;
			children = (
				1812E69820B8A50C00E484C6 /* PSUser.swift */,
				182E5DD220DE38DC00E3A851 /* PSReport.swift */,
				A124938520C128C700B38DEF /* PSChecklist.swift */,
				A118F3A42141198000F4BB74 /* PSLocation.swift */,
				A118F3AA214169A200F4BB74 /* PSPost.swift */,
			);
			path = Models;
			sourceTree = "<group>";
		};
		180F040620B944D300AC17E5 /* Authentication */ = {
			isa = PBXGroup;
			children = (
				1812E68820B8A32100E484C6 /* PSAPIManager+Authentication.swift */,
				1812E68920B8A32100E484C6 /* PSAuthenticationAPIManager.swift */,
			);
			path = Authentication;
			sourceTree = "<group>";
		};
		1811261520BDE40600ABA494 /* Checklist */ = {
			isa = PBXGroup;
			children = (
				1811261820BDE52900ABA494 /* PSAPIManager+Checklist.swift */,
				1811261A20BDE60300ABA494 /* PSChecklistAPIManager.swift */,
			);
			path = Checklist;
			sourceTree = "<group>";
		};
		1812E69A20B8B8D000E484C6 /* APIManager */ = {
			isa = PBXGroup;
			children = (
				1812E69020B8A4C000E484C6 /* PSRouteUrls.swift */,
				1812E68C20B8A37600E484C6 /* PSAPIManager.swift */,
				1812E68E20B8A3EB00E484C6 /* PSAPIManagerBase.swift */,
				A10749A920EF4900003A6B35 /* Report */,
				1811261520BDE40600ABA494 /* Checklist */,
				180F040620B944D300AC17E5 /* Authentication */,
			);
			path = APIManager;
			sourceTree = "<group>";
		};
		182E5DD420DE3AEE00E3A851 /* Report */ = {
			isa = PBXGroup;
			children = (
				1866EC46212596AC00EF655D /* Emergency */,
				A16142DB20AC11E600421414 /* PSSelectReportTypeViewController.swift */,
				1866EC482125985D00EF655D /* Category */,
				A1FF177220DBC62300F06EAC /* PSSelectSubCategoryViewController.swift */,
				A1FF177020DBC3C700F06EAC /* PSPotentiallySeriousIncidentViewController.swift */,
				A16142DF20AC122700421414 /* PSSelectLocationViewController.swift */,
				C4E5A56520AE56050060898B /* PSReportSummaryViewController.swift */,
				A16142E120AC219B00421414 /* PSReportConfirmationViewController.swift */,
				184EC78320DC078A0089348C /* PSNoConnectionViewController.swift */,
			);
			path = Report;
			sourceTree = "<group>";
		};
		182E5DD520DE3B9300E3A851 /* Menu */ = {
			isa = PBXGroup;
			children = (
				A11DF69120D8F0FF0079D861 /* MenuViewController.swift */,
				A11DF69320D8F1BE0079D861 /* MenuBottomCell.swift */,
				A11DF69420D8F1BF0079D861 /* MenuTopCell.swift */,
			);
			path = Menu;
			sourceTree = "<group>";
		};
		1866EC42212589FF00EF655D /* SummaryStats */ = {
			isa = PBXGroup;
			children = (
				C409874220DED34700081069 /* PSSummaryStatsReportTypeViewController.swift */,
				C409874020DED30900081069 /* PSSummaryStatsFeedViewController.swift */,
				C409874420DED38800081069 /* PSSummaryStatsViewController.swift */,
			);
			path = SummaryStats;
			sourceTree = "<group>";
		};
		1866EC4321258C2A00EF655D /* ReportActions */ = {
			isa = PBXGroup;
			children = (
				C409873E20DED2E200081069 /* PSReportActionsViewController.swift */,
				1866EC442125922B00EF655D /* ShareReport */,
				C409873C20DED27D00081069 /* PSSendAlertViewController.swift */,
				18AD08D720DF855D0096A910 /* PSCloseReportViewController.swift */,
			);
			path = ReportActions;
			sourceTree = "<group>";
		};
		1866EC442125922B00EF655D /* ShareReport */ = {
			isa = PBXGroup;
			children = (
				C409873A20DED26400081069 /* PSShareReportViewController.swift */,
				18AD08D920DFB33E0096A910 /* PSShareReportTableViewCell.swift */,
			);
			path = ShareReport;
			sourceTree = "<group>";
		};
		1866EC45212593D200EF655D /* PostedReport */ = {
			isa = PBXGroup;
			children = (
				C4E5A56320AE55E90060898B /* PSPostedReportOverviewViewController.swift */,
				C4E5A56720AE56200060898B /* PSPostedReportDetailViewController.swift */,
				18AD08D520DF74B70096A910 /* PSPostedReportViewController.swift */,
			);
			path = PostedReport;
			sourceTree = "<group>";
		};
		1866EC46212596AC00EF655D /* Emergency */ = {
			isa = PBXGroup;
			children = (
				A1FF177420DBCCFF00F06EAC /* PSEmergencyInstructionsViewController.swift */,
				18BB7CDE20E00B7300E452AB /* PSEmergencyReportConfirmationViewController.swift */,
			);
			path = Emergency;
			sourceTree = "<group>";
		};
		1866EC482125985D00EF655D /* Category */ = {
			isa = PBXGroup;
			children = (
				C4E5A56120AE55950060898B /* PSSelectCategoryViewController.swift */,
				18EFDA8A20FE57E8009F0B9F /* PSCategoryTableViewCell.swift */,
			);
			path = Category;
			sourceTree = "<group>";
		};
		18BB7CDC20DFF01F00E452AB /* Feed */ = {
			isa = PBXGroup;
			children = (
				A16142D720AC11BD00421414 /* PSUserFeedViewController.swift */,
				A16142D920AC11CD00421414 /* PSUserFeedDetailViewController.swift */,
				18161A5620F10F5800C0C3BF /* PSFeedTableViewCell.swift */,
				18623B9D211E1319000994B2 /* PSFeedAttachmentViewController.swift */,
				18C40C0E20E02BAC00F5B380 /* PSFilterReportsViewController.swift */,
			);
			path = Feed;
			sourceTree = "<group>";
		};
		18C40C0A20E02A7600F5B380 /* IQDropDownTextField */ = {
			isa = PBXGroup;
			children = (
				18C40C0B20E02A7600F5B380 /* IQDropDownTextField.h */,
				18C40C0C20E02A7600F5B380 /* IQDropDownTextField.m */,
			);
			path = IQDropDownTextField;
			sourceTree = "<group>";
		};
		18FDED3420B04EE0009CBA0B /* ThirdPartyLibs */ = {
			isa = PBXGroup;
			children = (
				18C40C0A20E02A7600F5B380 /* IQDropDownTextField */,
				A11DF68D20D8F0860079D861 /* SWRevealViewController */,
				180D495920B9EAAB0023101D /* Reachibility */,
				18FDED3520B04EE0009CBA0B /* Source */,
			);
			path = ThirdPartyLibs;
			sourceTree = "<group>";
		};
		18FDED3520B04EE0009CBA0B /* Source */ = {
			isa = PBXGroup;
			children = (
				18FDED3820B04F2A009CBA0B /* PreviewView.swift */,
				18FDED3720B04F2A009CBA0B /* SwiftyCamButton.swift */,
				18FDED3620B04F2A009CBA0B /* SwiftyCamViewController.swift */,
				18FDED3920B04F2A009CBA0B /* SwiftyCamViewControllerDelegate.swift */,
			);
			path = Source;
			sourceTree = "<group>";
		};
		18FDED3E20B04F51009CBA0B /* CustomCamera */ = {
			isa = PBXGroup;
			children = (
				18FDED4320B05077009CBA0B /* SwiftyRecordButton.swift */,
				18FDED4020B04F82009CBA0B /* PhotoViewController.swift */,
				18FDED3F20B04F82009CBA0B /* VideoViewController.swift */,
				A16142DD20AC121400421414 /* TakePhotoVideoViewController.swift */,
			);
			path = CustomCamera;
			sourceTree = "<group>";
		};
		24898A3A87D90F1EC65B8F78 /* Pods */ = {
			isa = PBXGroup;
			children = (
				1A842FAE2CD79A6058C5732A /* Pods-PostSafety.debug.xcconfig */,
				4A6654D11319022298AEDDCE /* Pods-PostSafety.release.xcconfig */,
			);
			name = Pods;
			sourceTree = "<group>";
		};
		A10749A920EF4900003A6B35 /* Report */ = {
			isa = PBXGroup;
			children = (
				A10749A720EF48F7003A6B35 /* PSAPIManager+Report.swift */,
				A10749AA20EF4937003A6B35 /* PSReportAPIManager.swift */,
			);
			path = Report;
			sourceTree = "<group>";
		};
		A11DF68D20D8F0860079D861 /* SWRevealViewController */ = {
			isa = PBXGroup;
			children = (
				A11DF68E20D8F0860079D861 /* SWRevealViewController.h */,
				A11DF68F20D8F0860079D861 /* SWRevealViewController.m */,
			);
			path = SWRevealViewController;
			sourceTree = "<group>";
		};
		A15BECDF20AEB9D80081BC25 /* Authentication */ = {
			isa = PBXGroup;
			children = (
				A16142CD20AC108E00421414 /* PSLogInViewController.swift */,
				A16142CF20AC10C400421414 /* PSCreatePasswordViewController.swift */,
				A16142D320AC10FC00421414 /* PSTermsOfUseViewController.swift */,
			);
			path = Authentication;
			sourceTree = "<group>";
		};
		A15BECE020AEB9F50081BC25 /* Dashboard */ = {
			isa = PBXGroup;
			children = (
				18FDED3E20B04F51009CBA0B /* CustomCamera */,
				C409873720DED18700081069 /* GetInfo */,
				A16142D520AC110A00421414 /* PSDashboardViewController.swift */,
				18C8FC2720E16291000E15CE /* PSSettingsViewController.swift */,
				182E5DD420DE3AEE00E3A851 /* Report */,
			);
			path = Dashboard;
			sourceTree = "<group>";
		};
		A15BECE320AEEB550081BC25 /* Views */ = {
			isa = PBXGroup;
			children = (
				A15BECE420AEEB550081BC25 /* CameraOverLay.xib */,
			);
			path = Views;
			sourceTree = "<group>";
		};
		A16142CB20AC103B00421414 /* Storyboards */ = {
			isa = PBXGroup;
			children = (
				184EC78720DC1ED40089348C /* Admin.storyboard */,
				C4B0775C20C4090E00CCD778 /* Authentication.storyboard */,
				A11DF68B20D8F0250079D861 /* Dashboard.storyboard */,
				184EC78520DC0FB70089348C /* User.storyboard */,
			);
			path = Storyboards;
			sourceTree = "<group>";
		};
		A16142CC20AC105100421414 /* ViewControllers */ = {
			isa = PBXGroup;
			children = (
				A15BECDF20AEB9D80081BC25 /* Authentication */,
				A15BECE020AEB9F50081BC25 /* Dashboard */,
				182E5DD520DE3B9300E3A851 /* Menu */,
			);
			path = ViewControllers;
			sourceTree = "<group>";
		};
		A1F1569820AABFF50049DB21 = {
			isa = PBXGroup;
			children = (
				A1F156A320AABFF50049DB21 /* PostSafety */,
				A1F156B820AABFF60049DB21 /* PostSafetyTests */,
				A1F156C320AABFF60049DB21 /* PostSafetyUITests */,
				A1F156A220AABFF50049DB21 /* Products */,
				24898A3A87D90F1EC65B8F78 /* Pods */,
				D4893846E3A3E1AF908A2924 /* Frameworks */,
			);
			sourceTree = "<group>";
		};
		A1F156A220AABFF50049DB21 /* Products */ = {
			isa = PBXGroup;
			children = (
				A1F156A120AABFF50049DB21 /* PostSafety.app */,
				A1F156B520AABFF60049DB21 /* PostSafetyTests.xctest */,
				A1F156C020AABFF60049DB21 /* PostSafetyUITests.xctest */,
			);
			name = Products;
			sourceTree = "<group>";
		};
		A1F156A320AABFF50049DB21 /* PostSafety */ = {
			isa = PBXGroup;
			children = (
				A14F7DCF213E69F800F8D918 /* PostSafety.entitlements */,
				A1F156A420AABFF50049DB21 /* AppDelegate.swift */,
				1809905920BAC6C5003C4B94 /* Constants */,
				180F040520B943FF00AC17E5 /* Models */,
				1809905A20BAC6E3003C4B94 /* Managers */,
				18FDED3420B04EE0009CBA0B /* ThirdPartyLibs */,
				A15BECE320AEEB550081BC25 /* Views */,
				C4E5A56920AE5BBC0060898B /* CustomCells */,
				A16142CC20AC105100421414 /* ViewControllers */,
				A16142CB20AC103B00421414 /* Storyboards */,
				A1F156AB20AABFF60049DB21 /* Assets.xcassets */,
				A1F156AD20AABFF60049DB21 /* LaunchScreen.storyboard */,
				A1F156B020AABFF60049DB21 /* Info.plist */,
				A14F7DCD213E650F00F8D918 /* GoogleService-Info.plist */,
				180D495520B9DA060023101D /* PostSafety-Bridging-Header.h */,
				181FA62A20FB4BF600F9F674 /* 480x480.jpg */,
				180EACD7211F65DB005402FB /* default-thumb.jpg */,
				180E43DB211CC6A50091A20C /* no-thumbnail.jpg */,
			);
			path = PostSafety;
			sourceTree = "<group>";
		};
		A1F156B820AABFF60049DB21 /* PostSafetyTests */ = {
			isa = PBXGroup;
			children = (
				A1F156B920AABFF60049DB21 /* PostSafetyTests.swift */,
				A1F156BB20AABFF60049DB21 /* Info.plist */,
			);
			path = PostSafetyTests;
			sourceTree = "<group>";
		};
		A1F156C320AABFF60049DB21 /* PostSafetyUITests */ = {
			isa = PBXGroup;
			children = (
				A1F156C420AABFF60049DB21 /* PostSafetyUITests.swift */,
				A1F156C620AABFF60049DB21 /* Info.plist */,
			);
			path = PostSafetyUITests;
			sourceTree = "<group>";
		};
		C409873720DED18700081069 /* GetInfo */ = {
			isa = PBXGroup;
			children = (
				18AD08D120DF74020096A910 /* PSGetInfoViewController.swift */,
				18AD08D320DF74410096A910 /* PSAlertsAnnouncementsViewController.swift */,
				A165423F212AFA1000B1CB7D /* PSTrainingViewController.swift */,
				A1654241212AFBFA00B1CB7D /* PSDefinitionViewController.swift */,
				18BB7CDC20DFF01F00E452AB /* Feed */,
				1866EC45212593D200EF655D /* PostedReport */,
				1866EC42212589FF00EF655D /* SummaryStats */,
				1866EC4321258C2A00EF655D /* ReportActions */,
			);
			path = GetInfo;
			sourceTree = "<group>";
		};
		C4E5A56920AE5BBC0060898B /* CustomCells */ = {
			isa = PBXGroup;
			children = (
			);
			path = CustomCells;
			sourceTree = "<group>";
		};
		D4893846E3A3E1AF908A2924 /* Frameworks */ = {
			isa = PBXGroup;
			children = (
				462E62552B0A0080C9267F99 /* Pods_PostSafety.framework */,
			);
			name = Frameworks;
			sourceTree = "<group>";
		};
/* End PBXGroup section */

/* Begin PBXNativeTarget section */
		A1F156A020AABFF50049DB21 /* PostSafety */ = {
			isa = PBXNativeTarget;
			buildConfigurationList = A1F156C920AABFF60049DB21 /* Build configuration list for PBXNativeTarget "PostSafety" */;
			buildPhases = (
				BEB25B0AA0F10BC450CDF217 /* [CP] Check Pods Manifest.lock */,
				A1F1569D20AABFF50049DB21 /* Sources */,
				A1F1569E20AABFF50049DB21 /* Frameworks */,
				A1F1569F20AABFF50049DB21 /* Resources */,
				3569D9CA8D52A9C5E6D65370 /* [CP] Embed Pods Frameworks */,
			);
			buildRules = (
			);
			dependencies = (
			);
			name = PostSafety;
			productName = PostSafety;
			productReference = A1F156A120AABFF50049DB21 /* PostSafety.app */;
			productType = "com.apple.product-type.application";
		};
		A1F156B420AABFF60049DB21 /* PostSafetyTests */ = {
			isa = PBXNativeTarget;
			buildConfigurationList = A1F156CC20AABFF60049DB21 /* Build configuration list for PBXNativeTarget "PostSafetyTests" */;
			buildPhases = (
				A1F156B120AABFF60049DB21 /* Sources */,
				A1F156B220AABFF60049DB21 /* Frameworks */,
				A1F156B320AABFF60049DB21 /* Resources */,
			);
			buildRules = (
			);
			dependencies = (
				A1F156B720AABFF60049DB21 /* PBXTargetDependency */,
			);
			name = PostSafetyTests;
			productName = PostSafetyTests;
			productReference = A1F156B520AABFF60049DB21 /* PostSafetyTests.xctest */;
			productType = "com.apple.product-type.bundle.unit-test";
		};
		A1F156BF20AABFF60049DB21 /* PostSafetyUITests */ = {
			isa = PBXNativeTarget;
			buildConfigurationList = A1F156CF20AABFF60049DB21 /* Build configuration list for PBXNativeTarget "PostSafetyUITests" */;
			buildPhases = (
				A1F156BC20AABFF60049DB21 /* Sources */,
				A1F156BD20AABFF60049DB21 /* Frameworks */,
				A1F156BE20AABFF60049DB21 /* Resources */,
			);
			buildRules = (
			);
			dependencies = (
				A1F156C220AABFF60049DB21 /* PBXTargetDependency */,
			);
			name = PostSafetyUITests;
			productName = PostSafetyUITests;
			productReference = A1F156C020AABFF60049DB21 /* PostSafetyUITests.xctest */;
			productType = "com.apple.product-type.bundle.ui-testing";
		};
/* End PBXNativeTarget section */

/* Begin PBXProject section */
		A1F1569920AABFF50049DB21 /* Project object */ = {
			isa = PBXProject;
			attributes = {
				LastSwiftUpdateCheck = 0930;
				LastUpgradeCheck = 0930;
				ORGANIZATIONNAME = "Now Tel";
				TargetAttributes = {
					A1F156A020AABFF50049DB21 = {
						CreatedOnToolsVersion = 9.3.1;
						LastSwiftMigration = 0930;
						SystemCapabilities = {
							com.apple.Push = {
								enabled = 1;
							};
						};
					};
					A1F156B420AABFF60049DB21 = {
						CreatedOnToolsVersion = 9.3.1;
						TestTargetID = A1F156A020AABFF50049DB21;
					};
					A1F156BF20AABFF60049DB21 = {
						CreatedOnToolsVersion = 9.3.1;
						TestTargetID = A1F156A020AABFF50049DB21;
					};
				};
			};
			buildConfigurationList = A1F1569C20AABFF50049DB21 /* Build configuration list for PBXProject "PostSafety" */;
			compatibilityVersion = "Xcode 9.3";
			developmentRegion = en;
			hasScannedForEncodings = 0;
			knownRegions = (
				en,
				Base,
			);
			mainGroup = A1F1569820AABFF50049DB21;
			productRefGroup = A1F156A220AABFF50049DB21 /* Products */;
			projectDirPath = "";
			projectRoot = "";
			targets = (
				A1F156A020AABFF50049DB21 /* PostSafety */,
				A1F156B420AABFF60049DB21 /* PostSafetyTests */,
				A1F156BF20AABFF60049DB21 /* PostSafetyUITests */,
			);
		};
/* End PBXProject section */

/* Begin PBXResourcesBuildPhase section */
		A1F1569F20AABFF50049DB21 /* Resources */ = {
			isa = PBXResourcesBuildPhase;
			buildActionMask = 2147483647;
			files = (
				A1F156AF20AABFF60049DB21 /* LaunchScreen.storyboard in Resources */,
				C4B0775E20C4090E00CCD778 /* Authentication.storyboard in Resources */,
				181FA62B20FB4BF600F9F674 /* 480x480.jpg in Resources */,
				A1F156AC20AABFF60049DB21 /* Assets.xcassets in Resources */,
				A11DF68C20D8F0250079D861 /* Dashboard.storyboard in Resources */,
				A15BECE520AEEB560081BC25 /* CameraOverLay.xib in Resources */,
				184EC78820DC1ED40089348C /* Admin.storyboard in Resources */,
				180E43DC211CC6A50091A20C /* no-thumbnail.jpg in Resources */,
				A14F7DCE213E650F00F8D918 /* GoogleService-Info.plist in Resources */,
				180EACD8211F65DB005402FB /* default-thumb.jpg in Resources */,
				184EC78620DC0FB70089348C /* User.storyboard in Resources */,
			);
			runOnlyForDeploymentPostprocessing = 0;
		};
		A1F156B320AABFF60049DB21 /* Resources */ = {
			isa = PBXResourcesBuildPhase;
			buildActionMask = 2147483647;
			files = (
			);
			runOnlyForDeploymentPostprocessing = 0;
		};
		A1F156BE20AABFF60049DB21 /* Resources */ = {
			isa = PBXResourcesBuildPhase;
			buildActionMask = 2147483647;
			files = (
			);
			runOnlyForDeploymentPostprocessing = 0;
		};
/* End PBXResourcesBuildPhase section */

/* Begin PBXShellScriptBuildPhase section */
		3569D9CA8D52A9C5E6D65370 /* [CP] Embed Pods Frameworks */ = {
			isa = PBXShellScriptBuildPhase;
			buildActionMask = 2147483647;
			files = (
			);
			inputPaths = (
				"${SRCROOT}/Pods/Target Support Files/Pods-PostSafety/Pods-PostSafety-frameworks.sh",
				"${BUILT_PRODUCTS_DIR}/ACProgressHUD-Swift/ACProgressHUD_Swift.framework",
				"${BUILT_PRODUCTS_DIR}/Alamofire/Alamofire.framework",
				"${BUILT_PRODUCTS_DIR}/DZNEmptyDataSet/DZNEmptyDataSet.framework",
				"${BUILT_PRODUCTS_DIR}/GoogleToolboxForMac/GoogleToolboxForMac.framework",
				"${BUILT_PRODUCTS_DIR}/IQKeyboardManagerSwift/IQKeyboardManagerSwift.framework",
				"${BUILT_PRODUCTS_DIR}/Protobuf/Protobuf.framework",
				"${BUILT_PRODUCTS_DIR}/Reachability/Reachability.framework",
				"${BUILT_PRODUCTS_DIR}/Realm/Realm.framework",
				"${BUILT_PRODUCTS_DIR}/RealmSwift/RealmSwift.framework",
				"${BUILT_PRODUCTS_DIR}/SwiftyJSON/SwiftyJSON.framework",
				"${BUILT_PRODUCTS_DIR}/nanopb/nanopb.framework",
			);
			name = "[CP] Embed Pods Frameworks";
			outputPaths = (
				"${TARGET_BUILD_DIR}/${FRAMEWORKS_FOLDER_PATH}/ACProgressHUD_Swift.framework",
				"${TARGET_BUILD_DIR}/${FRAMEWORKS_FOLDER_PATH}/Alamofire.framework",
				"${TARGET_BUILD_DIR}/${FRAMEWORKS_FOLDER_PATH}/DZNEmptyDataSet.framework",
				"${TARGET_BUILD_DIR}/${FRAMEWORKS_FOLDER_PATH}/GoogleToolboxForMac.framework",
				"${TARGET_BUILD_DIR}/${FRAMEWORKS_FOLDER_PATH}/IQKeyboardManagerSwift.framework",
				"${TARGET_BUILD_DIR}/${FRAMEWORKS_FOLDER_PATH}/Protobuf.framework",
				"${TARGET_BUILD_DIR}/${FRAMEWORKS_FOLDER_PATH}/Reachability.framework",
				"${TARGET_BUILD_DIR}/${FRAMEWORKS_FOLDER_PATH}/Realm.framework",
				"${TARGET_BUILD_DIR}/${FRAMEWORKS_FOLDER_PATH}/RealmSwift.framework",
				"${TARGET_BUILD_DIR}/${FRAMEWORKS_FOLDER_PATH}/SwiftyJSON.framework",
				"${TARGET_BUILD_DIR}/${FRAMEWORKS_FOLDER_PATH}/nanopb.framework",
			);
			runOnlyForDeploymentPostprocessing = 0;
			shellPath = /bin/sh;
			shellScript = "\"${SRCROOT}/Pods/Target Support Files/Pods-PostSafety/Pods-PostSafety-frameworks.sh\"\n";
			showEnvVarsInLog = 0;
		};
		BEB25B0AA0F10BC450CDF217 /* [CP] Check Pods Manifest.lock */ = {
			isa = PBXShellScriptBuildPhase;
			buildActionMask = 2147483647;
			files = (
			);
			inputPaths = (
				"${PODS_PODFILE_DIR_PATH}/Podfile.lock",
				"${PODS_ROOT}/Manifest.lock",
			);
			name = "[CP] Check Pods Manifest.lock";
			outputPaths = (
				"$(DERIVED_FILE_DIR)/Pods-PostSafety-checkManifestLockResult.txt",
			);
			runOnlyForDeploymentPostprocessing = 0;
			shellPath = /bin/sh;
			shellScript = "diff \"${PODS_PODFILE_DIR_PATH}/Podfile.lock\" \"${PODS_ROOT}/Manifest.lock\" > /dev/null\nif [ $? != 0 ] ; then\n    # print error to STDERR\n    echo \"error: The sandbox is not in sync with the Podfile.lock. Run 'pod install' or update your CocoaPods installation.\" >&2\n    exit 1\nfi\n# This output is used by Xcode 'outputs' to avoid re-running this script phase.\necho \"SUCCESS\" > \"${SCRIPT_OUTPUT_FILE_0}\"\n";
			showEnvVarsInLog = 0;
		};
/* End PBXShellScriptBuildPhase section */

/* Begin PBXSourcesBuildPhase section */
		A1F1569D20AABFF50049DB21 /* Sources */ = {
			isa = PBXSourcesBuildPhase;
			buildActionMask = 2147483647;
			files = (
				184EC78420DC078A0089348C /* PSNoConnectionViewController.swift in Sources */,
				18C40C0F20E02BAC00F5B380 /* PSFilterReportsViewController.swift in Sources */,
				1812E69120B8A4C000E484C6 /* PSRouteUrls.swift in Sources */,
				A16142D420AC10FC00421414 /* PSTermsOfUseViewController.swift in Sources */,
				A16142D620AC110A00421414 /* PSDashboardViewController.swift in Sources */,
				18FDED4120B04F82009CBA0B /* VideoViewController.swift in Sources */,
				A1FF177320DBC62300F06EAC /* PSSelectSubCategoryViewController.swift in Sources */,
				18FDED3A20B04F2A009CBA0B /* SwiftyCamViewController.swift in Sources */,
				18FDED3C20B04F2A009CBA0B /* PreviewView.swift in Sources */,
				1812E68D20B8A37600E484C6 /* PSAPIManager.swift in Sources */,
				C4E5A56220AE55960060898B /* PSSelectCategoryViewController.swift in Sources */,
				18AD08DA20DFB33E0096A910 /* PSShareReportTableViewCell.swift in Sources */,
				1812E68F20B8A3EB00E484C6 /* PSAPIManagerBase.swift in Sources */,
				A16142DC20AC11E600421414 /* PSSelectReportTypeViewController.swift in Sources */,
				A1654242212AFBFA00B1CB7D /* PSDefinitionViewController.swift in Sources */,
				C409873F20DED2E200081069 /* PSReportActionsViewController.swift in Sources */,
				1811261920BDE52900ABA494 /* PSAPIManager+Checklist.swift in Sources */,
				A11DF69220D8F0FF0079D861 /* MenuViewController.swift in Sources */,
				18FDED3D20B04F2A009CBA0B /* SwiftyCamViewControllerDelegate.swift in Sources */,
				18623B9E211E1319000994B2 /* PSFeedAttachmentViewController.swift in Sources */,
				1812E69920B8A50C00E484C6 /* PSUser.swift in Sources */,
				C409874120DED30900081069 /* PSSummaryStatsFeedViewController.swift in Sources */,
				A124938620C128C700B38DEF /* PSChecklist.swift in Sources */,
				180D495820B9DA070023101D /* CEReachabilityManager.m in Sources */,
				C4E5A56420AE55E90060898B /* PSPostedReportOverviewViewController.swift in Sources */,
				18C40C0D20E02A7600F5B380 /* IQDropDownTextField.m in Sources */,
				C4E5A56820AE56200060898B /* PSPostedReportDetailViewController.swift in Sources */,
				A16142E020AC122700421414 /* PSSelectLocationViewController.swift in Sources */,
				18AD08D220DF74020096A910 /* PSGetInfoViewController.swift in Sources */,
				A11DF69620D8F1BF0079D861 /* MenuTopCell.swift in Sources */,
				18EFDA8B20FE57E8009F0B9F /* PSCategoryTableViewCell.swift in Sources */,
				C409873B20DED26400081069 /* PSShareReportViewController.swift in Sources */,
				A16142DA20AC11CD00421414 /* PSUserFeedDetailViewController.swift in Sources */,
				A1F156A520AABFF50049DB21 /* AppDelegate.swift in Sources */,
				18AD08D420DF74410096A910 /* PSAlertsAnnouncementsViewController.swift in Sources */,
				A16142D020AC10C400421414 /* PSCreatePasswordViewController.swift in Sources */,
				1812E69720B8A4F800E484C6 /* PSDataManager.swift in Sources */,
				A16142DE20AC121400421414 /* TakePhotoVideoViewController.swift in Sources */,
				18BB7CDF20E00B7300E452AB /* PSEmergencyReportConfirmationViewController.swift in Sources */,
				A16142E220AC219B00421414 /* PSReportConfirmationViewController.swift in Sources */,
				A10749AB20EF4937003A6B35 /* PSReportAPIManager.swift in Sources */,
				A11DF69520D8F1BF0079D861 /* MenuBottomCell.swift in Sources */,
				C409874320DED34700081069 /* PSSummaryStatsReportTypeViewController.swift in Sources */,
				A1FF177520DBCCFF00F06EAC /* PSEmergencyInstructionsViewController.swift in Sources */,
				18FDED4420B05077009CBA0B /* SwiftyRecordButton.swift in Sources */,
				A11DF69020D8F0860079D861 /* SWRevealViewController.m in Sources */,
				1811261B20BDE60300ABA494 /* PSChecklistAPIManager.swift in Sources */,
				18AD08D620DF74B70096A910 /* PSPostedReportViewController.swift in Sources */,
				A16142D820AC11BD00421414 /* PSUserFeedViewController.swift in Sources */,
				C409874520DED38800081069 /* PSSummaryStatsViewController.swift in Sources */,
				1812E69520B8A4D800E484C6 /* PSConstants.swift in Sources */,
				A16142CE20AC108E00421414 /* PSLogInViewController.swift in Sources */,
				18FDED3B20B04F2A009CBA0B /* SwiftyCamButton.swift in Sources */,
				18161A5720F10F5800C0C3BF /* PSFeedTableViewCell.swift in Sources */,
				182E5DD320DE38DC00E3A851 /* PSReport.swift in Sources */,
				A118F3A52141198000F4BB74 /* PSLocation.swift in Sources */,
				C4E5A56620AE56050060898B /* PSReportSummaryViewController.swift in Sources */,
				18AD08D820DF855D0096A910 /* PSCloseReportViewController.swift in Sources */,
				18C8FC2820E16291000E15CE /* PSSettingsViewController.swift in Sources */,
				1812E69420B8A4D800E484C6 /* PSUserInterfaceManager.swift in Sources */,
				A1654240212AFA1000B1CB7D /* PSTrainingViewController.swift in Sources */,
				C409873D20DED27D00081069 /* PSSendAlertViewController.swift in Sources */,
				18FDED4220B04F82009CBA0B /* PhotoViewController.swift in Sources */,
				1812E68B20B8A32100E484C6 /* PSAuthenticationAPIManager.swift in Sources */,
				A118F3AB214169A200F4BB74 /* PSPost.swift in Sources */,
				A10749A820EF48F7003A6B35 /* PSAPIManager+Report.swift in Sources */,
				A1FF177120DBC3C700F06EAC /* PSPotentiallySeriousIncidentViewController.swift in Sources */,
				1812E68A20B8A32100E484C6 /* PSAPIManager+Authentication.swift in Sources */,
			);
			runOnlyForDeploymentPostprocessing = 0;
		};
		A1F156B120AABFF60049DB21 /* Sources */ = {
			isa = PBXSourcesBuildPhase;
			buildActionMask = 2147483647;
			files = (
				A1F156BA20AABFF60049DB21 /* PostSafetyTests.swift in Sources */,
			);
			runOnlyForDeploymentPostprocessing = 0;
		};
		A1F156BC20AABFF60049DB21 /* Sources */ = {
			isa = PBXSourcesBuildPhase;
			buildActionMask = 2147483647;
			files = (
				A1F156C520AABFF60049DB21 /* PostSafetyUITests.swift in Sources */,
			);
			runOnlyForDeploymentPostprocessing = 0;
		};
/* End PBXSourcesBuildPhase section */

/* Begin PBXTargetDependency section */
		A1F156B720AABFF60049DB21 /* PBXTargetDependency */ = {
			isa = PBXTargetDependency;
			target = A1F156A020AABFF50049DB21 /* PostSafety */;
			targetProxy = A1F156B620AABFF60049DB21 /* PBXContainerItemProxy */;
		};
		A1F156C220AABFF60049DB21 /* PBXTargetDependency */ = {
			isa = PBXTargetDependency;
			target = A1F156A020AABFF50049DB21 /* PostSafety */;
			targetProxy = A1F156C120AABFF60049DB21 /* PBXContainerItemProxy */;
		};
/* End PBXTargetDependency section */

/* Begin PBXVariantGroup section */
		A1F156AD20AABFF60049DB21 /* LaunchScreen.storyboard */ = {
			isa = PBXVariantGroup;
			children = (
				A1F156AE20AABFF60049DB21 /* Base */,
			);
			name = LaunchScreen.storyboard;
			sourceTree = "<group>";
		};
		C4B0775C20C4090E00CCD778 /* Authentication.storyboard */ = {
			isa = PBXVariantGroup;
			children = (
				C4B0775D20C4090E00CCD778 /* Base */,
			);
			name = Authentication.storyboard;
			sourceTree = "<group>";
		};
/* End PBXVariantGroup section */

/* Begin XCBuildConfiguration section */
		A1F156C720AABFF60049DB21 /* Debug */ = {
			isa = XCBuildConfiguration;
			buildSettings = {
				ALWAYS_SEARCH_USER_PATHS = NO;
				CLANG_ANALYZER_NONNULL = YES;
				CLANG_ANALYZER_NUMBER_OBJECT_CONVERSION = YES_AGGRESSIVE;
				CLANG_CXX_LANGUAGE_STANDARD = "gnu++14";
				CLANG_CXX_LIBRARY = "libc++";
				CLANG_ENABLE_MODULES = YES;
				CLANG_ENABLE_OBJC_ARC = YES;
				CLANG_ENABLE_OBJC_WEAK = YES;
				CLANG_WARN_BLOCK_CAPTURE_AUTORELEASING = YES;
				CLANG_WARN_BOOL_CONVERSION = YES;
				CLANG_WARN_COMMA = YES;
				CLANG_WARN_CONSTANT_CONVERSION = YES;
				CLANG_WARN_DEPRECATED_OBJC_IMPLEMENTATIONS = YES;
				CLANG_WARN_DIRECT_OBJC_ISA_USAGE = YES_ERROR;
				CLANG_WARN_DOCUMENTATION_COMMENTS = YES;
				CLANG_WARN_EMPTY_BODY = YES;
				CLANG_WARN_ENUM_CONVERSION = YES;
				CLANG_WARN_INFINITE_RECURSION = YES;
				CLANG_WARN_INT_CONVERSION = YES;
				CLANG_WARN_NON_LITERAL_NULL_CONVERSION = YES;
				CLANG_WARN_OBJC_IMPLICIT_RETAIN_SELF = YES;
				CLANG_WARN_OBJC_LITERAL_CONVERSION = YES;
				CLANG_WARN_OBJC_ROOT_CLASS = YES_ERROR;
				CLANG_WARN_RANGE_LOOP_ANALYSIS = YES;
				CLANG_WARN_STRICT_PROTOTYPES = YES;
				CLANG_WARN_SUSPICIOUS_MOVE = YES;
				CLANG_WARN_UNGUARDED_AVAILABILITY = YES_AGGRESSIVE;
				CLANG_WARN_UNREACHABLE_CODE = YES;
				CLANG_WARN__DUPLICATE_METHOD_MATCH = YES;
				CODE_SIGN_IDENTITY = "iPhone Developer";
				COPY_PHASE_STRIP = NO;
				DEBUG_INFORMATION_FORMAT = dwarf;
				ENABLE_STRICT_OBJC_MSGSEND = YES;
				ENABLE_TESTABILITY = YES;
				GCC_C_LANGUAGE_STANDARD = gnu11;
				GCC_DYNAMIC_NO_PIC = NO;
				GCC_NO_COMMON_BLOCKS = YES;
				GCC_OPTIMIZATION_LEVEL = 0;
				GCC_PREPROCESSOR_DEFINITIONS = (
					"DEBUG=1",
					"$(inherited)",
				);
				GCC_WARN_64_TO_32_BIT_CONVERSION = YES;
				GCC_WARN_ABOUT_RETURN_TYPE = YES_ERROR;
				GCC_WARN_UNDECLARED_SELECTOR = YES;
				GCC_WARN_UNINITIALIZED_AUTOS = YES_AGGRESSIVE;
				GCC_WARN_UNUSED_FUNCTION = YES;
				GCC_WARN_UNUSED_VARIABLE = YES;
				IPHONEOS_DEPLOYMENT_TARGET = 11.3;
				MTL_ENABLE_DEBUG_INFO = YES;
				ONLY_ACTIVE_ARCH = YES;
				SDKROOT = iphoneos;
				SWIFT_ACTIVE_COMPILATION_CONDITIONS = DEBUG;
				SWIFT_OPTIMIZATION_LEVEL = "-Onone";
			};
			name = Debug;
		};
		A1F156C820AABFF60049DB21 /* Release */ = {
			isa = XCBuildConfiguration;
			buildSettings = {
				ALWAYS_SEARCH_USER_PATHS = NO;
				CLANG_ANALYZER_NONNULL = YES;
				CLANG_ANALYZER_NUMBER_OBJECT_CONVERSION = YES_AGGRESSIVE;
				CLANG_CXX_LANGUAGE_STANDARD = "gnu++14";
				CLANG_CXX_LIBRARY = "libc++";
				CLANG_ENABLE_MODULES = YES;
				CLANG_ENABLE_OBJC_ARC = YES;
				CLANG_ENABLE_OBJC_WEAK = YES;
				CLANG_WARN_BLOCK_CAPTURE_AUTORELEASING = YES;
				CLANG_WARN_BOOL_CONVERSION = YES;
				CLANG_WARN_COMMA = YES;
				CLANG_WARN_CONSTANT_CONVERSION = YES;
				CLANG_WARN_DEPRECATED_OBJC_IMPLEMENTATIONS = YES;
				CLANG_WARN_DIRECT_OBJC_ISA_USAGE = YES_ERROR;
				CLANG_WARN_DOCUMENTATION_COMMENTS = YES;
				CLANG_WARN_EMPTY_BODY = YES;
				CLANG_WARN_ENUM_CONVERSION = YES;
				CLANG_WARN_INFINITE_RECURSION = YES;
				CLANG_WARN_INT_CONVERSION = YES;
				CLANG_WARN_NON_LITERAL_NULL_CONVERSION = YES;
				CLANG_WARN_OBJC_IMPLICIT_RETAIN_SELF = YES;
				CLANG_WARN_OBJC_LITERAL_CONVERSION = YES;
				CLANG_WARN_OBJC_ROOT_CLASS = YES_ERROR;
				CLANG_WARN_RANGE_LOOP_ANALYSIS = YES;
				CLANG_WARN_STRICT_PROTOTYPES = YES;
				CLANG_WARN_SUSPICIOUS_MOVE = YES;
				CLANG_WARN_UNGUARDED_AVAILABILITY = YES_AGGRESSIVE;
				CLANG_WARN_UNREACHABLE_CODE = YES;
				CLANG_WARN__DUPLICATE_METHOD_MATCH = YES;
				CODE_SIGN_IDENTITY = "iPhone Developer";
				COPY_PHASE_STRIP = NO;
				DEBUG_INFORMATION_FORMAT = "dwarf-with-dsym";
				ENABLE_NS_ASSERTIONS = NO;
				ENABLE_STRICT_OBJC_MSGSEND = YES;
				GCC_C_LANGUAGE_STANDARD = gnu11;
				GCC_NO_COMMON_BLOCKS = YES;
				GCC_WARN_64_TO_32_BIT_CONVERSION = YES;
				GCC_WARN_ABOUT_RETURN_TYPE = YES_ERROR;
				GCC_WARN_UNDECLARED_SELECTOR = YES;
				GCC_WARN_UNINITIALIZED_AUTOS = YES_AGGRESSIVE;
				GCC_WARN_UNUSED_FUNCTION = YES;
				GCC_WARN_UNUSED_VARIABLE = YES;
				IPHONEOS_DEPLOYMENT_TARGET = 11.3;
				MTL_ENABLE_DEBUG_INFO = NO;
				SDKROOT = iphoneos;
				SWIFT_COMPILATION_MODE = wholemodule;
				SWIFT_OPTIMIZATION_LEVEL = "-O";
				VALIDATE_PRODUCT = YES;
			};
			name = Release;
		};
		A1F156CA20AABFF60049DB21 /* Debug */ = {
			isa = XCBuildConfiguration;
			baseConfigurationReference = 1A842FAE2CD79A6058C5732A /* Pods-PostSafety.debug.xcconfig */;
			buildSettings = {
				ASSETCATALOG_COMPILER_APPICON_NAME = AppIcon;
				CLANG_ENABLE_MODULES = YES;
				CODE_SIGN_ENTITLEMENTS = PostSafety/PostSafety.entitlements;
				CODE_SIGN_IDENTITY = "iPhone Developer";
				CODE_SIGN_STYLE = Manual;
				DEVELOPMENT_TEAM = NM9CPHWN36;
				INFOPLIST_FILE = PostSafety/Info.plist;
				IPHONEOS_DEPLOYMENT_TARGET = 10.0;
				LD_RUNPATH_SEARCH_PATHS = (
					"$(inherited)",
					"@executable_path/Frameworks",
				);
				PRODUCT_BUNDLE_IDENTIFIER = com.digitalentrigue.postsafety;
				PRODUCT_NAME = "$(TARGET_NAME)";
				PROVISIONING_PROFILE = "04e44be4-2bfc-4b8d-a18b-91f031d90927";
				PROVISIONING_PROFILE_SPECIFIER = PostSafety_Development_PP;
				SWIFT_OBJC_BRIDGING_HEADER = "PostSafety/PostSafety-Bridging-Header.h";
				SWIFT_OPTIMIZATION_LEVEL = "-Onone";
				SWIFT_VERSION = 3.0;
				TARGETED_DEVICE_FAMILY = "1,2";
			};
			name = Debug;
		};
		A1F156CB20AABFF60049DB21 /* Release */ = {
			isa = XCBuildConfiguration;
			baseConfigurationReference = 4A6654D11319022298AEDDCE /* Pods-PostSafety.release.xcconfig */;
			buildSettings = {
				ASSETCATALOG_COMPILER_APPICON_NAME = AppIcon;
				CLANG_ENABLE_MODULES = YES;
				CODE_SIGN_ENTITLEMENTS = PostSafety/PostSafety.entitlements;
				CODE_SIGN_IDENTITY = "iPhone Distribution";
				CODE_SIGN_STYLE = Manual;
				DEVELOPMENT_TEAM = NM9CPHWN36;
				INFOPLIST_FILE = PostSafety/Info.plist;
				IPHONEOS_DEPLOYMENT_TARGET = 10.0;
				LD_RUNPATH_SEARCH_PATHS = (
					"$(inherited)",
					"@executable_path/Frameworks",
				);
				PRODUCT_BUNDLE_IDENTIFIER = com.digitalentrigue.postsafety;
				PRODUCT_NAME = "$(TARGET_NAME)";
				PROVISIONING_PROFILE = "66815dca-429a-4e53-aece-f602459520a7";
				PROVISIONING_PROFILE_SPECIFIER = PostSafety_Adhoc_PP;
				SWIFT_OBJC_BRIDGING_HEADER = "PostSafety/PostSafety-Bridging-Header.h";
				SWIFT_VERSION = 3.0;
				TARGETED_DEVICE_FAMILY = "1,2";
			};
			name = Release;
		};
		A1F156CD20AABFF60049DB21 /* Debug */ = {
			isa = XCBuildConfiguration;
			buildSettings = {
				ALWAYS_EMBED_SWIFT_STANDARD_LIBRARIES = YES;
				BUNDLE_LOADER = "$(TEST_HOST)";
				CODE_SIGN_STYLE = Automatic;
				DEVELOPMENT_TEAM = THAAVDZLRL;
				INFOPLIST_FILE = PostSafetyTests/Info.plist;
				LD_RUNPATH_SEARCH_PATHS = (
					"$(inherited)",
					"@executable_path/Frameworks",
					"@loader_path/Frameworks",
				);
				PRODUCT_BUNDLE_IDENTIFIER = com.nowtel.PostSafetyTests;
				PRODUCT_NAME = "$(TARGET_NAME)";
				SWIFT_VERSION = 4.0;
				TARGETED_DEVICE_FAMILY = "1,2";
				TEST_HOST = "$(BUILT_PRODUCTS_DIR)/PostSafety.app/PostSafety";
			};
			name = Debug;
		};
		A1F156CE20AABFF60049DB21 /* Release */ = {
			isa = XCBuildConfiguration;
			buildSettings = {
				ALWAYS_EMBED_SWIFT_STANDARD_LIBRARIES = YES;
				BUNDLE_LOADER = "$(TEST_HOST)";
				CODE_SIGN_STYLE = Automatic;
				DEVELOPMENT_TEAM = THAAVDZLRL;
				INFOPLIST_FILE = PostSafetyTests/Info.plist;
				LD_RUNPATH_SEARCH_PATHS = (
					"$(inherited)",
					"@executable_path/Frameworks",
					"@loader_path/Frameworks",
				);
				PRODUCT_BUNDLE_IDENTIFIER = com.nowtel.PostSafetyTests;
				PRODUCT_NAME = "$(TARGET_NAME)";
				SWIFT_VERSION = 4.0;
				TARGETED_DEVICE_FAMILY = "1,2";
				TEST_HOST = "$(BUILT_PRODUCTS_DIR)/PostSafety.app/PostSafety";
			};
			name = Release;
		};
		A1F156D020AABFF60049DB21 /* Debug */ = {
			isa = XCBuildConfiguration;
			buildSettings = {
				ALWAYS_EMBED_SWIFT_STANDARD_LIBRARIES = YES;
				CODE_SIGN_STYLE = Automatic;
				DEVELOPMENT_TEAM = THAAVDZLRL;
				INFOPLIST_FILE = PostSafetyUITests/Info.plist;
				LD_RUNPATH_SEARCH_PATHS = (
					"$(inherited)",
					"@executable_path/Frameworks",
					"@loader_path/Frameworks",
				);
				PRODUCT_BUNDLE_IDENTIFIER = com.nowtel.PostSafetyUITests;
				PRODUCT_NAME = "$(TARGET_NAME)";
				SWIFT_VERSION = 4.0;
				TARGETED_DEVICE_FAMILY = "1,2";
				TEST_TARGET_NAME = PostSafety;
			};
			name = Debug;
		};
		A1F156D120AABFF60049DB21 /* Release */ = {
			isa = XCBuildConfiguration;
			buildSettings = {
				ALWAYS_EMBED_SWIFT_STANDARD_LIBRARIES = YES;
				CODE_SIGN_STYLE = Automatic;
				DEVELOPMENT_TEAM = THAAVDZLRL;
				INFOPLIST_FILE = PostSafetyUITests/Info.plist;
				LD_RUNPATH_SEARCH_PATHS = (
					"$(inherited)",
					"@executable_path/Frameworks",
					"@loader_path/Frameworks",
				);
				PRODUCT_BUNDLE_IDENTIFIER = com.nowtel.PostSafetyUITests;
				PRODUCT_NAME = "$(TARGET_NAME)";
				SWIFT_VERSION = 4.0;
				TARGETED_DEVICE_FAMILY = "1,2";
				TEST_TARGET_NAME = PostSafety;
			};
			name = Release;
		};
/* End XCBuildConfiguration section */

/* Begin XCConfigurationList section */
		A1F1569C20AABFF50049DB21 /* Build configuration list for PBXProject "PostSafety" */ = {
			isa = XCConfigurationList;
			buildConfigurations = (
				A1F156C720AABFF60049DB21 /* Debug */,
				A1F156C820AABFF60049DB21 /* Release */,
			);
			defaultConfigurationIsVisible = 0;
			defaultConfigurationName = Release;
		};
		A1F156C920AABFF60049DB21 /* Build configuration list for PBXNativeTarget "PostSafety" */ = {
			isa = XCConfigurationList;
			buildConfigurations = (
				A1F156CA20AABFF60049DB21 /* Debug */,
				A1F156CB20AABFF60049DB21 /* Release */,
			);
			defaultConfigurationIsVisible = 0;
			defaultConfigurationName = Release;
		};
		A1F156CC20AABFF60049DB21 /* Build configuration list for PBXNativeTarget "PostSafetyTests" */ = {
			isa = XCConfigurationList;
			buildConfigurations = (
				A1F156CD20AABFF60049DB21 /* Debug */,
				A1F156CE20AABFF60049DB21 /* Release */,
			);
			defaultConfigurationIsVisible = 0;
			defaultConfigurationName = Release;
		};
		A1F156CF20AABFF60049DB21 /* Build configuration list for PBXNativeTarget "PostSafetyUITests" */ = {
			isa = XCConfigurationList;
			buildConfigurations = (
				A1F156D020AABFF60049DB21 /* Debug */,
				A1F156D120AABFF60049DB21 /* Release */,
			);
			defaultConfigurationIsVisible = 0;
			defaultConfigurationName = Release;
		};
/* End XCConfigurationList section */
	};
	rootObject = A1F1569920AABFF50049DB21 /* Project object */;
}
