// !$*UTF8*$!
{
	archiveVersion = 1;
	classes = {
	};
	objectVersion = 50;
	objects = {

/* Begin PBXBuildFile section */
		2C5F40C35FA6E8D5F17D9D1A /* Pods_PostSafety.framework in Frameworks */ = {isa = PBXBuildFile; fileRef = 462E62552B0A0080C9267F99 /* Pods_PostSafety.framework */; };
		A16142CE20AC108E00421414 /* LogInViewController.swift in Sources */ = {isa = PBXBuildFile; fileRef = A16142CD20AC108E00421414 /* LogInViewController.swift */; };
		A16142D020AC10C400421414 /* SendVerificationCodeViewController.swift in Sources */ = {isa = PBXBuildFile; fileRef = A16142CF20AC10C400421414 /* SendVerificationCodeViewController.swift */; };
		A16142D220AC10D300421414 /* VerifyCodeViewController.swift in Sources */ = {isa = PBXBuildFile; fileRef = A16142D120AC10D300421414 /* VerifyCodeViewController.swift */; };
		A16142D420AC10FC00421414 /* SignUpViewController.swift in Sources */ = {isa = PBXBuildFile; fileRef = A16142D320AC10FC00421414 /* SignUpViewController.swift */; };
		A16142D620AC110A00421414 /* DashboardViewController.swift in Sources */ = {isa = PBXBuildFile; fileRef = A16142D520AC110A00421414 /* DashboardViewController.swift */; };
		A16142D820AC11BD00421414 /* UpdatesAnnouncementsViewController.swift in Sources */ = {isa = PBXBuildFile; fileRef = A16142D720AC11BD00421414 /* UpdatesAnnouncementsViewController.swift */; };
		A16142DA20AC11CD00421414 /* AnnouncementDetailViewController.swift in Sources */ = {isa = PBXBuildFile; fileRef = A16142D920AC11CD00421414 /* AnnouncementDetailViewController.swift */; };
		A16142DC20AC11E600421414 /* SelectReportTypeViewController.swift in Sources */ = {isa = PBXBuildFile; fileRef = A16142DB20AC11E600421414 /* SelectReportTypeViewController.swift */; };
		A16142DE20AC121400421414 /* TakePhotoVideoViewController.swift in Sources */ = {isa = PBXBuildFile; fileRef = A16142DD20AC121400421414 /* TakePhotoVideoViewController.swift */; };
		A16142E020AC122700421414 /* SelectLocationViewController.swift in Sources */ = {isa = PBXBuildFile; fileRef = A16142DF20AC122700421414 /* SelectLocationViewController.swift */; };
		A16142E220AC219B00421414 /* ReportConfirmationViewController.swift in Sources */ = {isa = PBXBuildFile; fileRef = A16142E120AC219B00421414 /* ReportConfirmationViewController.swift */; };
		A16142E420AC335500421414 /* PersonalInformationViewController.swift in Sources */ = {isa = PBXBuildFile; fileRef = A16142E320AC335500421414 /* PersonalInformationViewController.swift */; };
		A1F156A520AABFF50049DB21 /* AppDelegate.swift in Sources */ = {isa = PBXBuildFile; fileRef = A1F156A420AABFF50049DB21 /* AppDelegate.swift */; };
		A1F156AA20AABFF50049DB21 /* Authentication.storyboard in Resources */ = {isa = PBXBuildFile; fileRef = A1F156A820AABFF50049DB21 /* Authentication.storyboard */; };
		A1F156AC20AABFF60049DB21 /* Assets.xcassets in Resources */ = {isa = PBXBuildFile; fileRef = A1F156AB20AABFF60049DB21 /* Assets.xcassets */; };
		A1F156AF20AABFF60049DB21 /* LaunchScreen.storyboard in Resources */ = {isa = PBXBuildFile; fileRef = A1F156AD20AABFF60049DB21 /* LaunchScreen.storyboard */; };
		A1F156BA20AABFF60049DB21 /* PostSafetyTests.swift in Sources */ = {isa = PBXBuildFile; fileRef = A1F156B920AABFF60049DB21 /* PostSafetyTests.swift */; };
		A1F156C520AABFF60049DB21 /* PostSafetyUITests.swift in Sources */ = {isa = PBXBuildFile; fileRef = A1F156C420AABFF60049DB21 /* PostSafetyUITests.swift */; };
		A1F156D320AB13420049DB21 /* Dashboard.storyboard in Resources */ = {isa = PBXBuildFile; fileRef = A1F156D220AB13420049DB21 /* Dashboard.storyboard */; };
		C4E5A56220AE55960060898B /* SelectCategoryViewController.swift in Sources */ = {isa = PBXBuildFile; fileRef = C4E5A56120AE55950060898B /* SelectCategoryViewController.swift */; };
		C4E5A56420AE55E90060898B /* QuickSummaryViewController.swift in Sources */ = {isa = PBXBuildFile; fileRef = C4E5A56320AE55E90060898B /* QuickSummaryViewController.swift */; };
		C4E5A56620AE56050060898B /* ReportSummaryViewController.swift in Sources */ = {isa = PBXBuildFile; fileRef = C4E5A56520AE56050060898B /* ReportSummaryViewController.swift */; };
		C4E5A56820AE56200060898B /* ReportDetailViewController.swift in Sources */ = {isa = PBXBuildFile; fileRef = C4E5A56720AE56200060898B /* ReportDetailViewController.swift */; };
		C4E5A56B20AE5BD50060898B /* CategoryTableViewCell.swift in Sources */ = {isa = PBXBuildFile; fileRef = C4E5A56A20AE5BD50060898B /* CategoryTableViewCell.swift */; };
/* End PBXBuildFile section */

/* Begin PBXContainerItemProxy section */
		A1F156B620AABFF60049DB21 /* PBXContainerItemProxy */ = {
			isa = PBXContainerItemProxy;
			containerPortal = A1F1569920AABFF50049DB21 /* Project object */;
			proxyType = 1;
			remoteGlobalIDString = A1F156A020AABFF50049DB21;
			remoteInfo = PostSafety;
		};
		A1F156C120AABFF60049DB21 /* PBXContainerItemProxy */ = {
			isa = PBXContainerItemProxy;
			containerPortal = A1F1569920AABFF50049DB21 /* Project object */;
			proxyType = 1;
			remoteGlobalIDString = A1F156A020AABFF50049DB21;
			remoteInfo = PostSafety;
		};
/* End PBXContainerItemProxy section */

/* Begin PBXFileReference section */
		1A842FAE2CD79A6058C5732A /* Pods-PostSafety.debug.xcconfig */ = {isa = PBXFileReference; includeInIndex = 1; lastKnownFileType = text.xcconfig; name = "Pods-PostSafety.debug.xcconfig"; path = "Pods/Target Support Files/Pods-PostSafety/Pods-PostSafety.debug.xcconfig"; sourceTree = "<group>"; };
		462E62552B0A0080C9267F99 /* Pods_PostSafety.framework */ = {isa = PBXFileReference; explicitFileType = wrapper.framework; includeInIndex = 0; path = Pods_PostSafety.framework; sourceTree = BUILT_PRODUCTS_DIR; };
		4A6654D11319022298AEDDCE /* Pods-PostSafety.release.xcconfig */ = {isa = PBXFileReference; includeInIndex = 1; lastKnownFileType = text.xcconfig; name = "Pods-PostSafety.release.xcconfig"; path = "Pods/Target Support Files/Pods-PostSafety/Pods-PostSafety.release.xcconfig"; sourceTree = "<group>"; };
		A16142CD20AC108E00421414 /* LogInViewController.swift */ = {isa = PBXFileReference; lastKnownFileType = sourcecode.swift; path = LogInViewController.swift; sourceTree = "<group>"; };
		A16142CF20AC10C400421414 /* SendVerificationCodeViewController.swift */ = {isa = PBXFileReference; lastKnownFileType = sourcecode.swift; path = SendVerificationCodeViewController.swift; sourceTree = "<group>"; };
		A16142D120AC10D300421414 /* VerifyCodeViewController.swift */ = {isa = PBXFileReference; lastKnownFileType = sourcecode.swift; path = VerifyCodeViewController.swift; sourceTree = "<group>"; };
		A16142D320AC10FC00421414 /* SignUpViewController.swift */ = {isa = PBXFileReference; lastKnownFileType = sourcecode.swift; path = SignUpViewController.swift; sourceTree = "<group>"; };
		A16142D520AC110A00421414 /* DashboardViewController.swift */ = {isa = PBXFileReference; lastKnownFileType = sourcecode.swift; path = DashboardViewController.swift; sourceTree = "<group>"; };
		A16142D720AC11BD00421414 /* UpdatesAnnouncementsViewController.swift */ = {isa = PBXFileReference; lastKnownFileType = sourcecode.swift; path = UpdatesAnnouncementsViewController.swift; sourceTree = "<group>"; };
		A16142D920AC11CD00421414 /* AnnouncementDetailViewController.swift */ = {isa = PBXFileReference; lastKnownFileType = sourcecode.swift; path = AnnouncementDetailViewController.swift; sourceTree = "<group>"; };
		A16142DB20AC11E600421414 /* SelectReportTypeViewController.swift */ = {isa = PBXFileReference; lastKnownFileType = sourcecode.swift; path = SelectReportTypeViewController.swift; sourceTree = "<group>"; };
		A16142DD20AC121400421414 /* TakePhotoVideoViewController.swift */ = {isa = PBXFileReference; lastKnownFileType = sourcecode.swift; path = TakePhotoVideoViewController.swift; sourceTree = "<group>"; };
		A16142DF20AC122700421414 /* SelectLocationViewController.swift */ = {isa = PBXFileReference; lastKnownFileType = sourcecode.swift; path = SelectLocationViewController.swift; sourceTree = "<group>"; };
		A16142E120AC219B00421414 /* ReportConfirmationViewController.swift */ = {isa = PBXFileReference; lastKnownFileType = sourcecode.swift; path = ReportConfirmationViewController.swift; sourceTree = "<group>"; };
		A16142E320AC335500421414 /* PersonalInformationViewController.swift */ = {isa = PBXFileReference; lastKnownFileType = sourcecode.swift; path = PersonalInformationViewController.swift; sourceTree = "<group>"; };
		A1F156A120AABFF50049DB21 /* PostSafety.app */ = {isa = PBXFileReference; explicitFileType = wrapper.application; includeInIndex = 0; path = PostSafety.app; sourceTree = BUILT_PRODUCTS_DIR; };
		A1F156A420AABFF50049DB21 /* AppDelegate.swift */ = {isa = PBXFileReference; lastKnownFileType = sourcecode.swift; path = AppDelegate.swift; sourceTree = "<group>"; };
		A1F156A920AABFF50049DB21 /* Base */ = {isa = PBXFileReference; lastKnownFileType = file.storyboard; name = Base; path = Base.lproj/Authentication.storyboard; sourceTree = "<group>"; };
		A1F156AB20AABFF60049DB21 /* Assets.xcassets */ = {isa = PBXFileReference; lastKnownFileType = folder.assetcatalog; path = Assets.xcassets; sourceTree = "<group>"; };
		A1F156AE20AABFF60049DB21 /* Base */ = {isa = PBXFileReference; lastKnownFileType = file.storyboard; name = Base; path = Base.lproj/LaunchScreen.storyboard; sourceTree = "<group>"; };
		A1F156B020AABFF60049DB21 /* Info.plist */ = {isa = PBXFileReference; lastKnownFileType = text.plist.xml; path = Info.plist; sourceTree = "<group>"; };
		A1F156B520AABFF60049DB21 /* PostSafetyTests.xctest */ = {isa = PBXFileReference; explicitFileType = wrapper.cfbundle; includeInIndex = 0; path = PostSafetyTests.xctest; sourceTree = BUILT_PRODUCTS_DIR; };
		A1F156B920AABFF60049DB21 /* PostSafetyTests.swift */ = {isa = PBXFileReference; lastKnownFileType = sourcecode.swift; path = PostSafetyTests.swift; sourceTree = "<group>"; };
		A1F156BB20AABFF60049DB21 /* Info.plist */ = {isa = PBXFileReference; lastKnownFileType = text.plist.xml; path = Info.plist; sourceTree = "<group>"; };
		A1F156C020AABFF60049DB21 /* PostSafetyUITests.xctest */ = {isa = PBXFileReference; explicitFileType = wrapper.cfbundle; includeInIndex = 0; path = PostSafetyUITests.xctest; sourceTree = BUILT_PRODUCTS_DIR; };
		A1F156C420AABFF60049DB21 /* PostSafetyUITests.swift */ = {isa = PBXFileReference; lastKnownFileType = sourcecode.swift; path = PostSafetyUITests.swift; sourceTree = "<group>"; };
		A1F156C620AABFF60049DB21 /* Info.plist */ = {isa = PBXFileReference; lastKnownFileType = text.plist.xml; path = Info.plist; sourceTree = "<group>"; };
		A1F156D220AB13420049DB21 /* Dashboard.storyboard */ = {isa = PBXFileReference; lastKnownFileType = file.storyboard; path = Dashboard.storyboard; sourceTree = "<group>"; };
		C4E5A56120AE55950060898B /* SelectCategoryViewController.swift */ = {isa = PBXFileReference; lastKnownFileType = sourcecode.swift; path = SelectCategoryViewController.swift; sourceTree = "<group>"; };
		C4E5A56320AE55E90060898B /* QuickSummaryViewController.swift */ = {isa = PBXFileReference; lastKnownFileType = sourcecode.swift; path = QuickSummaryViewController.swift; sourceTree = "<group>"; };
		C4E5A56520AE56050060898B /* ReportSummaryViewController.swift */ = {isa = PBXFileReference; lastKnownFileType = sourcecode.swift; path = ReportSummaryViewController.swift; sourceTree = "<group>"; };
		C4E5A56720AE56200060898B /* ReportDetailViewController.swift */ = {isa = PBXFileReference; lastKnownFileType = sourcecode.swift; path = ReportDetailViewController.swift; sourceTree = "<group>"; };
		C4E5A56A20AE5BD50060898B /* CategoryTableViewCell.swift */ = {isa = PBXFileReference; lastKnownFileType = sourcecode.swift; path = CategoryTableViewCell.swift; sourceTree = "<group>"; };
/* End PBXFileReference section */

/* Begin PBXFrameworksBuildPhase section */
		A1F1569E20AABFF50049DB21 /* Frameworks */ = {
			isa = PBXFrameworksBuildPhase;
			buildActionMask = 2147483647;
			files = (
				2C5F40C35FA6E8D5F17D9D1A /* Pods_PostSafety.framework in Frameworks */,
			);
			runOnlyForDeploymentPostprocessing = 0;
		};
		A1F156B220AABFF60049DB21 /* Frameworks */ = {
			isa = PBXFrameworksBuildPhase;
			buildActionMask = 2147483647;
			files = (
			);
			runOnlyForDeploymentPostprocessing = 0;
		};
		A1F156BD20AABFF60049DB21 /* Frameworks */ = {
			isa = PBXFrameworksBuildPhase;
			buildActionMask = 2147483647;
			files = (
			);
			runOnlyForDeploymentPostprocessing = 0;
		};
/* End PBXFrameworksBuildPhase section */

/* Begin PBXGroup section */
		24898A3A87D90F1EC65B8F78 /* Pods */ = {
			isa = PBXGroup;
			children = (
				1A842FAE2CD79A6058C5732A /* Pods-PostSafety.debug.xcconfig */,
				4A6654D11319022298AEDDCE /* Pods-PostSafety.release.xcconfig */,
			);
			name = Pods;
			sourceTree = "<group>";
		};
		A16142CB20AC103B00421414 /* Storyboards */ = {
			isa = PBXGroup;
			children = (
				A1F156A820AABFF50049DB21 /* Authentication.storyboard */,
				A1F156D220AB13420049DB21 /* Dashboard.storyboard */,
			);
			path = Storyboards;
			sourceTree = "<group>";
		};
		A16142CC20AC105100421414 /* ViewControllers */ = {
			isa = PBXGroup;
			children = (
				A16142CD20AC108E00421414 /* LogInViewController.swift */,
				A16142CF20AC10C400421414 /* SendVerificationCodeViewController.swift */,
				A16142D120AC10D300421414 /* VerifyCodeViewController.swift */,
				A16142D320AC10FC00421414 /* SignUpViewController.swift */,
				A16142D520AC110A00421414 /* DashboardViewController.swift */,
				A16142D720AC11BD00421414 /* UpdatesAnnouncementsViewController.swift */,
				A16142D920AC11CD00421414 /* AnnouncementDetailViewController.swift */,
				A16142DB20AC11E600421414 /* SelectReportTypeViewController.swift */,
				A16142DD20AC121400421414 /* TakePhotoVideoViewController.swift */,
				A16142DF20AC122700421414 /* SelectLocationViewController.swift */,
				A16142E120AC219B00421414 /* ReportConfirmationViewController.swift */,
				A16142E320AC335500421414 /* PersonalInformationViewController.swift */,
				C4E5A56120AE55950060898B /* SelectCategoryViewController.swift */,
				C4E5A56320AE55E90060898B /* QuickSummaryViewController.swift */,
				C4E5A56520AE56050060898B /* ReportSummaryViewController.swift */,
				C4E5A56720AE56200060898B /* ReportDetailViewController.swift */,
			);
			path = ViewControllers;
			sourceTree = "<group>";
		};
		A1F1569820AABFF50049DB21 = {
			isa = PBXGroup;
			children = (
				A1F156A320AABFF50049DB21 /* PostSafety */,
				A1F156B820AABFF60049DB21 /* PostSafetyTests */,
				A1F156C320AABFF60049DB21 /* PostSafetyUITests */,
				A1F156A220AABFF50049DB21 /* Products */,
				24898A3A87D90F1EC65B8F78 /* Pods */,
				D4893846E3A3E1AF908A2924 /* Frameworks */,
			);
			sourceTree = "<group>";
		};
		A1F156A220AABFF50049DB21 /* Products */ = {
			isa = PBXGroup;
			children = (
				A1F156A120AABFF50049DB21 /* PostSafety.app */,
				A1F156B520AABFF60049DB21 /* PostSafetyTests.xctest */,
				A1F156C020AABFF60049DB21 /* PostSafetyUITests.xctest */,
			);
			name = Products;
			sourceTree = "<group>";
		};
		A1F156A320AABFF50049DB21 /* PostSafety */ = {
			isa = PBXGroup;
			children = (
				A1F156A420AABFF50049DB21 /* AppDelegate.swift */,
				C4E5A56920AE5BBC0060898B /* CustomCells */,
				A16142CC20AC105100421414 /* ViewControllers */,
				A16142CB20AC103B00421414 /* Storyboards */,
				A1F156AB20AABFF60049DB21 /* Assets.xcassets */,
				A1F156AD20AABFF60049DB21 /* LaunchScreen.storyboard */,
				A1F156B020AABFF60049DB21 /* Info.plist */,
			);
			path = PostSafety;
			sourceTree = "<group>";
		};
		A1F156B820AABFF60049DB21 /* PostSafetyTests */ = {
			isa = PBXGroup;
			children = (
				A1F156B920AABFF60049DB21 /* PostSafetyTests.swift */,
				A1F156BB20AABFF60049DB21 /* Info.plist */,
			);
			path = PostSafetyTests;
			sourceTree = "<group>";
		};
		A1F156C320AABFF60049DB21 /* PostSafetyUITests */ = {
			isa = PBXGroup;
			children = (
				A1F156C420AABFF60049DB21 /* PostSafetyUITests.swift */,
				A1F156C620AABFF60049DB21 /* Info.plist */,
			);
			path = PostSafetyUITests;
			sourceTree = "<group>";
		};
		C4E5A56920AE5BBC0060898B /* CustomCells */ = {
			isa = PBXGroup;
			children = (
				C4E5A56A20AE5BD50060898B /* CategoryTableViewCell.swift */,
			);
			path = CustomCells;
			sourceTree = "<group>";
		};
		D4893846E3A3E1AF908A2924 /* Frameworks */ = {
			isa = PBXGroup;
			children = (
				462E62552B0A0080C9267F99 /* Pods_PostSafety.framework */,
			);
			name = Frameworks;
			sourceTree = "<group>";
		};
/* End PBXGroup section */

/* Begin PBXNativeTarget section */
		A1F156A020AABFF50049DB21 /* PostSafety */ = {
			isa = PBXNativeTarget;
			buildConfigurationList = A1F156C920AABFF60049DB21 /* Build configuration list for PBXNativeTarget "PostSafety" */;
			buildPhases = (
				BEB25B0AA0F10BC450CDF217 /* [CP] Check Pods Manifest.lock */,
				A1F1569D20AABFF50049DB21 /* Sources */,
				A1F1569E20AABFF50049DB21 /* Frameworks */,
				A1F1569F20AABFF50049DB21 /* Resources */,
				3569D9CA8D52A9C5E6D65370 /* [CP] Embed Pods Frameworks */,
				EB8F81E57B02AA809032E800 /* [CP] Copy Pods Resources */,
			);
			buildRules = (
			);
			dependencies = (
			);
			name = PostSafety;
			productName = PostSafety;
			productReference = A1F156A120AABFF50049DB21 /* PostSafety.app */;
			productType = "com.apple.product-type.application";
		};
		A1F156B420AABFF60049DB21 /* PostSafetyTests */ = {
			isa = PBXNativeTarget;
			buildConfigurationList = A1F156CC20AABFF60049DB21 /* Build configuration list for PBXNativeTarget "PostSafetyTests" */;
			buildPhases = (
				A1F156B120AABFF60049DB21 /* Sources */,
				A1F156B220AABFF60049DB21 /* Frameworks */,
				A1F156B320AABFF60049DB21 /* Resources */,
			);
			buildRules = (
			);
			dependencies = (
				A1F156B720AABFF60049DB21 /* PBXTargetDependency */,
			);
			name = PostSafetyTests;
			productName = PostSafetyTests;
			productReference = A1F156B520AABFF60049DB21 /* PostSafetyTests.xctest */;
			productType = "com.apple.product-type.bundle.unit-test";
		};
		A1F156BF20AABFF60049DB21 /* PostSafetyUITests */ = {
			isa = PBXNativeTarget;
			buildConfigurationList = A1F156CF20AABFF60049DB21 /* Build configuration list for PBXNativeTarget "PostSafetyUITests" */;
			buildPhases = (
				A1F156BC20AABFF60049DB21 /* Sources */,
				A1F156BD20AABFF60049DB21 /* Frameworks */,
				A1F156BE20AABFF60049DB21 /* Resources */,
			);
			buildRules = (
			);
			dependencies = (
				A1F156C220AABFF60049DB21 /* PBXTargetDependency */,
			);
			name = PostSafetyUITests;
			productName = PostSafetyUITests;
			productReference = A1F156C020AABFF60049DB21 /* PostSafetyUITests.xctest */;
			productType = "com.apple.product-type.bundle.ui-testing";
		};
/* End PBXNativeTarget section */

/* Begin PBXProject section */
		A1F1569920AABFF50049DB21 /* Project object */ = {
			isa = PBXProject;
			attributes = {
				LastSwiftUpdateCheck = 0930;
				LastUpgradeCheck = 0930;
				ORGANIZATIONNAME = "Now Tel";
				TargetAttributes = {
					A1F156A020AABFF50049DB21 = {
						CreatedOnToolsVersion = 9.3.1;
					};
					A1F156B420AABFF60049DB21 = {
						CreatedOnToolsVersion = 9.3.1;
						TestTargetID = A1F156A020AABFF50049DB21;
					};
					A1F156BF20AABFF60049DB21 = {
						CreatedOnToolsVersion = 9.3.1;
						TestTargetID = A1F156A020AABFF50049DB21;
					};
				};
			};
			buildConfigurationList = A1F1569C20AABFF50049DB21 /* Build configuration list for PBXProject "PostSafety" */;
			compatibilityVersion = "Xcode 9.3";
			developmentRegion = en;
			hasScannedForEncodings = 0;
			knownRegions = (
				en,
				Base,
			);
			mainGroup = A1F1569820AABFF50049DB21;
			productRefGroup = A1F156A220AABFF50049DB21 /* Products */;
			projectDirPath = "";
			projectRoot = "";
			targets = (
				A1F156A020AABFF50049DB21 /* PostSafety */,
				A1F156B420AABFF60049DB21 /* PostSafetyTests */,
				A1F156BF20AABFF60049DB21 /* PostSafetyUITests */,
			);
		};
/* End PBXProject section */

/* Begin PBXResourcesBuildPhase section */
		A1F1569F20AABFF50049DB21 /* Resources */ = {
			isa = PBXResourcesBuildPhase;
			buildActionMask = 2147483647;
			files = (
				A1F156AF20AABFF60049DB21 /* LaunchScreen.storyboard in Resources */,
				A1F156AC20AABFF60049DB21 /* Assets.xcassets in Resources */,
				A1F156AA20AABFF50049DB21 /* Authentication.storyboard in Resources */,
				A1F156D320AB13420049DB21 /* Dashboard.storyboard in Resources */,
			);
			runOnlyForDeploymentPostprocessing = 0;
		};
		A1F156B320AABFF60049DB21 /* Resources */ = {
			isa = PBXResourcesBuildPhase;
			buildActionMask = 2147483647;
			files = (
			);
			runOnlyForDeploymentPostprocessing = 0;
		};
		A1F156BE20AABFF60049DB21 /* Resources */ = {
			isa = PBXResourcesBuildPhase;
			buildActionMask = 2147483647;
			files = (
			);
			runOnlyForDeploymentPostprocessing = 0;
		};
/* End PBXResourcesBuildPhase section */

/* Begin PBXShellScriptBuildPhase section */
		3569D9CA8D52A9C5E6D65370 /* [CP] Embed Pods Frameworks */ = {
			isa = PBXShellScriptBuildPhase;
			buildActionMask = 2147483647;
			files = (
			);
			inputPaths = (
				"${SRCROOT}/Pods/Target Support Files/Pods-PostSafety/Pods-PostSafety-frameworks.sh",
				"${BUILT_PRODUCTS_DIR}/IQKeyboardManagerSwift/IQKeyboardManagerSwift.framework",
			);
			name = "[CP] Embed Pods Frameworks";
			outputPaths = (
				"${TARGET_BUILD_DIR}/${FRAMEWORKS_FOLDER_PATH}/IQKeyboardManagerSwift.framework",
			);
			runOnlyForDeploymentPostprocessing = 0;
			shellPath = /bin/sh;
			shellScript = "\"${SRCROOT}/Pods/Target Support Files/Pods-PostSafety/Pods-PostSafety-frameworks.sh\"\n";
			showEnvVarsInLog = 0;
		};
		BEB25B0AA0F10BC450CDF217 /* [CP] Check Pods Manifest.lock */ = {
			isa = PBXShellScriptBuildPhase;
			buildActionMask = 2147483647;
			files = (
			);
			inputPaths = (
				"${PODS_PODFILE_DIR_PATH}/Podfile.lock",
				"${PODS_ROOT}/Manifest.lock",
			);
			name = "[CP] Check Pods Manifest.lock";
			outputPaths = (
				"$(DERIVED_FILE_DIR)/Pods-PostSafety-checkManifestLockResult.txt",
			);
			runOnlyForDeploymentPostprocessing = 0;
			shellPath = /bin/sh;
			shellScript = "diff \"${PODS_PODFILE_DIR_PATH}/Podfile.lock\" \"${PODS_ROOT}/Manifest.lock\" > /dev/null\nif [ $? != 0 ] ; then\n    # print error to STDERR\n    echo \"error: The sandbox is not in sync with the Podfile.lock. Run 'pod install' or update your CocoaPods installation.\" >&2\n    exit 1\nfi\n# This output is used by Xcode 'outputs' to avoid re-running this script phase.\necho \"SUCCESS\" > \"${SCRIPT_OUTPUT_FILE_0}\"\n";
			showEnvVarsInLog = 0;
		};
		EB8F81E57B02AA809032E800 /* [CP] Copy Pods Resources */ = {
			isa = PBXShellScriptBuildPhase;
			buildActionMask = 2147483647;
			files = (
			);
			inputPaths = (
			);
			name = "[CP] Copy Pods Resources";
			outputPaths = (
			);
			runOnlyForDeploymentPostprocessing = 0;
			shellPath = /bin/sh;
			shellScript = "\"${SRCROOT}/Pods/Target Support Files/Pods-PostSafety/Pods-PostSafety-resources.sh\"\n";
			showEnvVarsInLog = 0;
		};
/* End PBXShellScriptBuildPhase section */

/* Begin PBXSourcesBuildPhase section */
		A1F1569D20AABFF50049DB21 /* Sources */ = {
			isa = PBXSourcesBuildPhase;
			buildActionMask = 2147483647;
			files = (
				A16142D420AC10FC00421414 /* SignUpViewController.swift in Sources */,
				A16142D620AC110A00421414 /* DashboardViewController.swift in Sources */,
				C4E5A56220AE55960060898B /* SelectCategoryViewController.swift in Sources */,
				A16142DC20AC11E600421414 /* SelectReportTypeViewController.swift in Sources */,
				A16142E420AC335500421414 /* PersonalInformationViewController.swift in Sources */,
				A16142D220AC10D300421414 /* VerifyCodeViewController.swift in Sources */,
				C4E5A56420AE55E90060898B /* QuickSummaryViewController.swift in Sources */,
				C4E5A56820AE56200060898B /* ReportDetailViewController.swift in Sources */,
				A16142E020AC122700421414 /* SelectLocationViewController.swift in Sources */,
				A16142DA20AC11CD00421414 /* AnnouncementDetailViewController.swift in Sources */,
				A1F156A520AABFF50049DB21 /* AppDelegate.swift in Sources */,
				A16142D020AC10C400421414 /* SendVerificationCodeViewController.swift in Sources */,
				A16142DE20AC121400421414 /* TakePhotoVideoViewController.swift in Sources */,
				A16142E220AC219B00421414 /* ReportConfirmationViewController.swift in Sources */,
				A16142D820AC11BD00421414 /* UpdatesAnnouncementsViewController.swift in Sources */,
				A16142CE20AC108E00421414 /* LogInViewController.swift in Sources */,
				C4E5A56620AE56050060898B /* ReportSummaryViewController.swift in Sources */,
				C4E5A56B20AE5BD50060898B /* CategoryTableViewCell.swift in Sources */,
			);
			runOnlyForDeploymentPostprocessing = 0;
		};
		A1F156B120AABFF60049DB21 /* Sources */ = {
			isa = PBXSourcesBuildPhase;
			buildActionMask = 2147483647;
			files = (
				A1F156BA20AABFF60049DB21 /* PostSafetyTests.swift in Sources */,
			);
			runOnlyForDeploymentPostprocessing = 0;
		};
		A1F156BC20AABFF60049DB21 /* Sources */ = {
			isa = PBXSourcesBuildPhase;
			buildActionMask = 2147483647;
			files = (
				A1F156C520AABFF60049DB21 /* PostSafetyUITests.swift in Sources */,
			);
			runOnlyForDeploymentPostprocessing = 0;
		};
/* End PBXSourcesBuildPhase section */

/* Begin PBXTargetDependency section */
		A1F156B720AABFF60049DB21 /* PBXTargetDependency */ = {
			isa = PBXTargetDependency;
			target = A1F156A020AABFF50049DB21 /* PostSafety */;
			targetProxy = A1F156B620AABFF60049DB21 /* PBXContainerItemProxy */;
		};
		A1F156C220AABFF60049DB21 /* PBXTargetDependency */ = {
			isa = PBXTargetDependency;
			target = A1F156A020AABFF50049DB21 /* PostSafety */;
			targetProxy = A1F156C120AABFF60049DB21 /* PBXContainerItemProxy */;
		};
/* End PBXTargetDependency section */

/* Begin PBXVariantGroup section */
		A1F156A820AABFF50049DB21 /* Authentication.storyboard */ = {
			isa = PBXVariantGroup;
			children = (
				A1F156A920AABFF50049DB21 /* Base */,
			);
			name = Authentication.storyboard;
			sourceTree = "<group>";
		};
		A1F156AD20AABFF60049DB21 /* LaunchScreen.storyboard */ = {
			isa = PBXVariantGroup;
			children = (
				A1F156AE20AABFF60049DB21 /* Base */,
			);
			name = LaunchScreen.storyboard;
			sourceTree = "<group>";
		};
/* End PBXVariantGroup section */

/* Begin XCBuildConfiguration section */
		A1F156C720AABFF60049DB21 /* Debug */ = {
			isa = XCBuildConfiguration;
			buildSettings = {
				ALWAYS_SEARCH_USER_PATHS = NO;
				CLANG_ANALYZER_NONNULL = YES;
				CLANG_ANALYZER_NUMBER_OBJECT_CONVERSION = YES_AGGRESSIVE;
				CLANG_CXX_LANGUAGE_STANDARD = "gnu++14";
				CLANG_CXX_LIBRARY = "libc++";
				CLANG_ENABLE_MODULES = YES;
				CLANG_ENABLE_OBJC_ARC = YES;
				CLANG_ENABLE_OBJC_WEAK = YES;
				CLANG_WARN_BLOCK_CAPTURE_AUTORELEASING = YES;
				CLANG_WARN_BOOL_CONVERSION = YES;
				CLANG_WARN_COMMA = YES;
				CLANG_WARN_CONSTANT_CONVERSION = YES;
				CLANG_WARN_DEPRECATED_OBJC_IMPLEMENTATIONS = YES;
				CLANG_WARN_DIRECT_OBJC_ISA_USAGE = YES_ERROR;
				CLANG_WARN_DOCUMENTATION_COMMENTS = YES;
				CLANG_WARN_EMPTY_BODY = YES;
				CLANG_WARN_ENUM_CONVERSION = YES;
				CLANG_WARN_INFINITE_RECURSION = YES;
				CLANG_WARN_INT_CONVERSION = YES;
				CLANG_WARN_NON_LITERAL_NULL_CONVERSION = YES;
				CLANG_WARN_OBJC_IMPLICIT_RETAIN_SELF = YES;
				CLANG_WARN_OBJC_LITERAL_CONVERSION = YES;
				CLANG_WARN_OBJC_ROOT_CLASS = YES_ERROR;
				CLANG_WARN_RANGE_LOOP_ANALYSIS = YES;
				CLANG_WARN_STRICT_PROTOTYPES = YES;
				CLANG_WARN_SUSPICIOUS_MOVE = YES;
				CLANG_WARN_UNGUARDED_AVAILABILITY = YES_AGGRESSIVE;
				CLANG_WARN_UNREACHABLE_CODE = YES;
				CLANG_WARN__DUPLICATE_METHOD_MATCH = YES;
				CODE_SIGN_IDENTITY = "iPhone Developer";
				COPY_PHASE_STRIP = NO;
				DEBUG_INFORMATION_FORMAT = dwarf;
				ENABLE_STRICT_OBJC_MSGSEND = YES;
				ENABLE_TESTABILITY = YES;
				GCC_C_LANGUAGE_STANDARD = gnu11;
				GCC_DYNAMIC_NO_PIC = NO;
				GCC_NO_COMMON_BLOCKS = YES;
				GCC_OPTIMIZATION_LEVEL = 0;
				GCC_PREPROCESSOR_DEFINITIONS = (
					"DEBUG=1",
					"$(inherited)",
				);
				GCC_WARN_64_TO_32_BIT_CONVERSION = YES;
				GCC_WARN_ABOUT_RETURN_TYPE = YES_ERROR;
				GCC_WARN_UNDECLARED_SELECTOR = YES;
				GCC_WARN_UNINITIALIZED_AUTOS = YES_AGGRESSIVE;
				GCC_WARN_UNUSED_FUNCTION = YES;
				GCC_WARN_UNUSED_VARIABLE = YES;
				IPHONEOS_DEPLOYMENT_TARGET = 11.3;
				MTL_ENABLE_DEBUG_INFO = YES;
				ONLY_ACTIVE_ARCH = YES;
				SDKROOT = iphoneos;
				SWIFT_ACTIVE_COMPILATION_CONDITIONS = DEBUG;
				SWIFT_OPTIMIZATION_LEVEL = "-Onone";
			};
			name = Debug;
		};
		A1F156C820AABFF60049DB21 /* Release */ = {
			isa = XCBuildConfiguration;
			buildSettings = {
				ALWAYS_SEARCH_USER_PATHS = NO;
				CLANG_ANALYZER_NONNULL = YES;
				CLANG_ANALYZER_NUMBER_OBJECT_CONVERSION = YES_AGGRESSIVE;
				CLANG_CXX_LANGUAGE_STANDARD = "gnu++14";
				CLANG_CXX_LIBRARY = "libc++";
				CLANG_ENABLE_MODULES = YES;
				CLANG_ENABLE_OBJC_ARC = YES;
				CLANG_ENABLE_OBJC_WEAK = YES;
				CLANG_WARN_BLOCK_CAPTURE_AUTORELEASING = YES;
				CLANG_WARN_BOOL_CONVERSION = YES;
				CLANG_WARN_COMMA = YES;
				CLANG_WARN_CONSTANT_CONVERSION = YES;
				CLANG_WARN_DEPRECATED_OBJC_IMPLEMENTATIONS = YES;
				CLANG_WARN_DIRECT_OBJC_ISA_USAGE = YES_ERROR;
				CLANG_WARN_DOCUMENTATION_COMMENTS = YES;
				CLANG_WARN_EMPTY_BODY = YES;
				CLANG_WARN_ENUM_CONVERSION = YES;
				CLANG_WARN_INFINITE_RECURSION = YES;
				CLANG_WARN_INT_CONVERSION = YES;
				CLANG_WARN_NON_LITERAL_NULL_CONVERSION = YES;
				CLANG_WARN_OBJC_IMPLICIT_RETAIN_SELF = YES;
				CLANG_WARN_OBJC_LITERAL_CONVERSION = YES;
				CLANG_WARN_OBJC_ROOT_CLASS = YES_ERROR;
				CLANG_WARN_RANGE_LOOP_ANALYSIS = YES;
				CLANG_WARN_STRICT_PROTOTYPES = YES;
				CLANG_WARN_SUSPICIOUS_MOVE = YES;
				CLANG_WARN_UNGUARDED_AVAILABILITY = YES_AGGRESSIVE;
				CLANG_WARN_UNREACHABLE_CODE = YES;
				CLANG_WARN__DUPLICATE_METHOD_MATCH = YES;
				CODE_SIGN_IDENTITY = "iPhone Developer";
				COPY_PHASE_STRIP = NO;
				DEBUG_INFORMATION_FORMAT = "dwarf-with-dsym";
				ENABLE_NS_ASSERTIONS = NO;
				ENABLE_STRICT_OBJC_MSGSEND = YES;
				GCC_C_LANGUAGE_STANDARD = gnu11;
				GCC_NO_COMMON_BLOCKS = YES;
				GCC_WARN_64_TO_32_BIT_CONVERSION = YES;
				GCC_WARN_ABOUT_RETURN_TYPE = YES_ERROR;
				GCC_WARN_UNDECLARED_SELECTOR = YES;
				GCC_WARN_UNINITIALIZED_AUTOS = YES_AGGRESSIVE;
				GCC_WARN_UNUSED_FUNCTION = YES;
				GCC_WARN_UNUSED_VARIABLE = YES;
				IPHONEOS_DEPLOYMENT_TARGET = 11.3;
				MTL_ENABLE_DEBUG_INFO = NO;
				SDKROOT = iphoneos;
				SWIFT_COMPILATION_MODE = wholemodule;
				SWIFT_OPTIMIZATION_LEVEL = "-O";
				VALIDATE_PRODUCT = YES;
			};
			name = Release;
		};
		A1F156CA20AABFF60049DB21 /* Debug */ = {
			isa = XCBuildConfiguration;
			baseConfigurationReference = 1A842FAE2CD79A6058C5732A /* Pods-PostSafety.debug.xcconfig */;
			buildSettings = {
				ASSETCATALOG_COMPILER_APPICON_NAME = AppIcon;
				CODE_SIGN_IDENTITY = "iPhone Developer";
				CODE_SIGN_STYLE = Automatic;
				DEVELOPMENT_TEAM = THAAVDZLRL;
				INFOPLIST_FILE = PostSafety/Info.plist;
				IPHONEOS_DEPLOYMENT_TARGET = 10.0;
				LD_RUNPATH_SEARCH_PATHS = (
					"$(inherited)",
					"@executable_path/Frameworks",
				);
				PRODUCT_BUNDLE_IDENTIFIER = com.distribution.talkhomeapps;
				PRODUCT_NAME = "$(TARGET_NAME)";
				PROVISIONING_PROFILE = "";
				PROVISIONING_PROFILE_SPECIFIER = "";
				SWIFT_VERSION = 4.0;
				TARGETED_DEVICE_FAMILY = "1,2";
			};
			name = Debug;
		};
		A1F156CB20AABFF60049DB21 /* Release */ = {
			isa = XCBuildConfiguration;
			baseConfigurationReference = 4A6654D11319022298AEDDCE /* Pods-PostSafety.release.xcconfig */;
			buildSettings = {
				ASSETCATALOG_COMPILER_APPICON_NAME = AppIcon;
				CODE_SIGN_IDENTITY = "iPhone Developer";
				CODE_SIGN_STYLE = Automatic;
				DEVELOPMENT_TEAM = THAAVDZLRL;
				INFOPLIST_FILE = PostSafety/Info.plist;
				IPHONEOS_DEPLOYMENT_TARGET = 10.0;
				LD_RUNPATH_SEARCH_PATHS = (
					"$(inherited)",
					"@executable_path/Frameworks",
				);
				PRODUCT_BUNDLE_IDENTIFIER = com.distribution.talkhomeapps;
				PRODUCT_NAME = "$(TARGET_NAME)";
				PROVISIONING_PROFILE_SPECIFIER = "";
				SWIFT_VERSION = 4.0;
				TARGETED_DEVICE_FAMILY = "1,2";
			};
			name = Release;
		};
		A1F156CD20AABFF60049DB21 /* Debug */ = {
			isa = XCBuildConfiguration;
			buildSettings = {
				ALWAYS_EMBED_SWIFT_STANDARD_LIBRARIES = YES;
				BUNDLE_LOADER = "$(TEST_HOST)";
				CODE_SIGN_STYLE = Automatic;
				INFOPLIST_FILE = PostSafetyTests/Info.plist;
				LD_RUNPATH_SEARCH_PATHS = (
					"$(inherited)",
					"@executable_path/Frameworks",
					"@loader_path/Frameworks",
				);
				PRODUCT_BUNDLE_IDENTIFIER = com.nowtel.PostSafetyTests;
				PRODUCT_NAME = "$(TARGET_NAME)";
				SWIFT_VERSION = 4.0;
				TARGETED_DEVICE_FAMILY = "1,2";
				TEST_HOST = "$(BUILT_PRODUCTS_DIR)/PostSafety.app/PostSafety";
			};
			name = Debug;
		};
		A1F156CE20AABFF60049DB21 /* Release */ = {
			isa = XCBuildConfiguration;
			buildSettings = {
				ALWAYS_EMBED_SWIFT_STANDARD_LIBRARIES = YES;
				BUNDLE_LOADER = "$(TEST_HOST)";
				CODE_SIGN_STYLE = Automatic;
				INFOPLIST_FILE = PostSafetyTests/Info.plist;
				LD_RUNPATH_SEARCH_PATHS = (
					"$(inherited)",
					"@executable_path/Frameworks",
					"@loader_path/Frameworks",
				);
				PRODUCT_BUNDLE_IDENTIFIER = com.nowtel.PostSafetyTests;
				PRODUCT_NAME = "$(TARGET_NAME)";
				SWIFT_VERSION = 4.0;
				TARGETED_DEVICE_FAMILY = "1,2";
				TEST_HOST = "$(BUILT_PRODUCTS_DIR)/PostSafety.app/PostSafety";
			};
			name = Release;
		};
		A1F156D020AABFF60049DB21 /* Debug */ = {
			isa = XCBuildConfiguration;
			buildSettings = {
				ALWAYS_EMBED_SWIFT_STANDARD_LIBRARIES = YES;
				CODE_SIGN_STYLE = Automatic;
				INFOPLIST_FILE = PostSafetyUITests/Info.plist;
				LD_RUNPATH_SEARCH_PATHS = (
					"$(inherited)",
					"@executable_path/Frameworks",
					"@loader_path/Frameworks",
				);
				PRODUCT_BUNDLE_IDENTIFIER = com.nowtel.PostSafetyUITests;
				PRODUCT_NAME = "$(TARGET_NAME)";
				SWIFT_VERSION = 4.0;
				TARGETED_DEVICE_FAMILY = "1,2";
				TEST_TARGET_NAME = PostSafety;
			};
			name = Debug;
		};
		A1F156D120AABFF60049DB21 /* Release */ = {
			isa = XCBuildConfiguration;
			buildSettings = {
				ALWAYS_EMBED_SWIFT_STANDARD_LIBRARIES = YES;
				CODE_SIGN_STYLE = Automatic;
				INFOPLIST_FILE = PostSafetyUITests/Info.plist;
				LD_RUNPATH_SEARCH_PATHS = (
					"$(inherited)",
					"@executable_path/Frameworks",
					"@loader_path/Frameworks",
				);
				PRODUCT_BUNDLE_IDENTIFIER = com.nowtel.PostSafetyUITests;
				PRODUCT_NAME = "$(TARGET_NAME)";
				SWIFT_VERSION = 4.0;
				TARGETED_DEVICE_FAMILY = "1,2";
				TEST_TARGET_NAME = PostSafety;
			};
			name = Release;
		};
/* End XCBuildConfiguration section */

/* Begin XCConfigurationList section */
		A1F1569C20AABFF50049DB21 /* Build configuration list for PBXProject "PostSafety" */ = {
			isa = XCConfigurationList;
			buildConfigurations = (
				A1F156C720AABFF60049DB21 /* Debug */,
				A1F156C820AABFF60049DB21 /* Release */,
			);
			defaultConfigurationIsVisible = 0;
			defaultConfigurationName = Release;
		};
		A1F156C920AABFF60049DB21 /* Build configuration list for PBXNativeTarget "PostSafety" */ = {
			isa = XCConfigurationList;
			buildConfigurations = (
				A1F156CA20AABFF60049DB21 /* Debug */,
				A1F156CB20AABFF60049DB21 /* Release */,
			);
			defaultConfigurationIsVisible = 0;
			defaultConfigurationName = Release;
		};
		A1F156CC20AABFF60049DB21 /* Build configuration list for PBXNativeTarget "PostSafetyTests" */ = {
			isa = XCConfigurationList;
			buildConfigurations = (
				A1F156CD20AABFF60049DB21 /* Debug */,
				A1F156CE20AABFF60049DB21 /* Release */,
			);
			defaultConfigurationIsVisible = 0;
			defaultConfigurationName = Release;
		};
		A1F156CF20AABFF60049DB21 /* Build configuration list for PBXNativeTarget "PostSafetyUITests" */ = {
			isa = XCConfigurationList;
			buildConfigurations = (
				A1F156D020AABFF60049DB21 /* Debug */,
				A1F156D120AABFF60049DB21 /* Release */,
			);
			defaultConfigurationIsVisible = 0;
			defaultConfigurationName = Release;
		};
/* End XCConfigurationList section */
	};
	rootObject = A1F1569920AABFF50049DB21 /* Project object */;
}
